{"format_version":"1.0","provider_schemas":{"registry.terraform.io/checkly/checkly":{"provider":{"version":0,"block":{"attributes":{"account_id":{"type":"string","description_kind":"plain","optional":true},"api_key":{"type":"string","description_kind":"plain","required":true},"api_url":{"type":"string","description_kind":"plain","optional":true}},"description_kind":"plain"}},"resource_schemas":{"checkly_alert_channel":{"version":0,"block":{"attributes":{"id":{"type":"string","description_kind":"plain","optional":true,"computed":true},"send_degraded":{"type":"bool","description":"(Default `false`)","description_kind":"plain","optional":true},"send_failure":{"type":"bool","description":"(Default `true`)","description_kind":"plain","optional":true},"send_recovery":{"type":"bool","description":"(Default `true`)","description_kind":"plain","optional":true},"ssl_expiry":{"type":"bool","description":"(Default `false`)","description_kind":"plain","optional":true},"ssl_expiry_threshold":{"type":"number","description":"Value must be between 1 and 30 (Default `30`)","description_kind":"plain","optional":true}},"block_types":{"call":{"nesting_mode":"set","block":{"attributes":{"name":{"type":"string","description":"The name of this alert channel","description_kind":"plain","required":true},"number":{"type":"string","description":"The mobile number to receive the alerts","description_kind":"plain","required":true}},"description_kind":"plain"},"max_items":1},"email":{"nesting_mode":"set","block":{"attributes":{"address":{"type":"string","description":"The email address of this email alert channel.","description_kind":"plain","required":true}},"description_kind":"plain"},"max_items":1},"opsgenie":{"nesting_mode":"set","block":{"attributes":{"api_key":{"type":"string","description_kind":"plain","required":true},"name":{"type":"string","description_kind":"plain","required":true},"priority":{"type":"string","description_kind":"plain","required":true},"region":{"type":"string","description_kind":"plain","required":true}},"description_kind":"plain"},"max_items":1},"pagerduty":{"nesting_mode":"set","block":{"attributes":{"account":{"type":"string","description_kind":"plain","optional":true},"service_key":{"type":"string","description_kind":"plain","required":true},"service_name":{"type":"string","description_kind":"plain","optional":true}},"description_kind":"plain"},"max_items":1},"slack":{"nesting_mode":"set","block":{"attributes":{"channel":{"type":"string","description":"The name of the alert's Slack channel","description_kind":"plain","required":true},"url":{"type":"string","description":"The Slack webhook URL","description_kind":"plain","required":true}},"description_kind":"plain"},"max_items":1},"sms":{"nesting_mode":"set","block":{"attributes":{"name":{"type":"string","description":"The name of this alert channel","description_kind":"plain","required":true},"number":{"type":"string","description":"The mobile number to receive the alerts","description_kind":"plain","required":true}},"description_kind":"plain"},"max_items":1},"webhook":{"nesting_mode":"set","block":{"attributes":{"headers":{"type":["map","string"],"description_kind":"plain","optional":true,"computed":true},"method":{"type":"string","description":"(Default `POST`)","description_kind":"plain","optional":true},"name":{"type":"string","description_kind":"plain","required":true},"query_parameters":{"type":["map","string"],"description_kind":"plain","optional":true,"computed":true},"template":{"type":"string","description_kind":"plain","optional":true},"url":{"type":"string","description_kind":"plain","required":true},"webhook_secret":{"type":"string","description_kind":"plain","optional":true},"webhook_type":{"type":"string","description":"Type of the webhook. Possible values are 'WEBHOOK_DISCORD', 'WEBHOOK_FIREHYDRANT', 'WEBHOOK_GITLAB_ALERT', 'WEBHOOK_SPIKESH', 'WEBHOOK_SPLUNK', 'WEBHOOK_MSTEAMS' and 'WEBHOOK_TELEGRAM'.","description_kind":"plain","optional":true}},"description_kind":"plain"},"max_items":1}},"description":"Allows you to define alerting channels for the checks and groups in your account","description_kind":"plain"}},"checkly_check":{"version":0,"block":{"attributes":{"activated":{"type":"bool","description":"Determines if the check is running or not. Possible values `true`, and `false`.","description_kind":"plain","required":true},"degraded_response_time":{"type":"number","description":"The response time in milliseconds starting from which a check should be considered degraded. Possible values are between 0 and 30000. (Default `15000`).","description_kind":"plain","optional":true},"description":{"type":"string","description":"A description of the check.","description_kind":"plain","optional":true},"double_check":{"type":"bool","description":"Setting this to `true` will trigger a retry when a check fails from the failing region and another, randomly selected region before marking the check as failed. (Default `false`).","description_kind":"plain","deprecated":true,"optional":true},"environment_variables":{"type":["map","string"],"description":"Key/value pairs of environment variables to insert into the runtime environment.","description_kind":"plain","deprecated":true,"optional":true},"frequency":{"type":"number","description":"Controls how often the check should run. Defined in minutes. The allowed values are `0` (high frequency - use `frequency_offset` to define the actual frequency), `1` (1 minute), `2` (2 minutes), `5` (5 minutes), `10` (10 minutes), `15` (15 minutes), `30` (30 minutes), `60` (1 hour), `120` (2 hours), `180` (3 hours), `360` (6 hours), `720` (12 hours) and `1440` (24 hours).","description_kind":"plain","required":true},"frequency_offset":{"type":"number","description":"Only relevant when `type` is `API`. When `frequency` is `0` (high frequency), `frequency_offset` is required and it alone controls how often the monitor should run. Defined in seconds. The allowed values are `0` (disabled - use `frequency` to define the actual frequency), `10` (10 seconds), `20` (20 seconds) and `30` (30 seconds).","description_kind":"plain","optional":true},"group_id":{"type":"number","description":"The id of the check group this check is part of.","description_kind":"plain","optional":true},"group_order":{"type":"number","description":"The position of this check in a check group. It determines in what order checks are run when a group is triggered from the API or from CI/CD.","description_kind":"plain","optional":true},"id":{"type":"string","description_kind":"plain","optional":true,"computed":true},"local_setup_script":{"type":"string","description":"A valid piece of Node.js code to run in the setup phase.","description_kind":"plain","optional":true},"local_teardown_script":{"type":"string","description":"A valid piece of Node.js code to run in the teardown phase.","description_kind":"plain","optional":true},"locations":{"type":["set","string"],"description":"An array of one or more data center locations where to run the this check. (Default [\"us-east-1\"])","description_kind":"plain","optional":true},"max_response_time":{"type":"number","description":"The response time in milliseconds starting from which a check should be considered failing. Possible values are between 0 and 30000. (Default `30000`).","description_kind":"plain","optional":true},"muted":{"type":"bool","description":"Determines if any notifications will be sent out when a check fails/degrades/recovers.","description_kind":"plain","optional":true},"name":{"type":"string","description":"The name of the check.","description_kind":"plain","required":true},"private_locations":{"type":["set","string"],"description":"An array of one or more private locations slugs.","description_kind":"plain","optional":true},"run_parallel":{"type":"bool","description":"Determines if the check should run in all selected locations in parallel or round-robin.","description_kind":"plain","optional":true},"runtime_id":{"type":"string","description":"The id of the runtime to use for this check.","description_kind":"plain","optional":true},"script":{"type":"string","description":"A valid piece of Node.js JavaScript code describing a browser interaction with the Puppeteer/Playwright framework or a reference to an external JavaScript file.","description_kind":"plain","optional":true},"setup_snippet_id":{"type":"number","description":"An ID reference to a snippet to use in the setup phase of an API check.","description_kind":"plain","optional":true},"should_fail":{"type":"bool","description":"Allows to invert the behaviour of when a check is considered to fail. Allows for validating error status like 404.","description_kind":"plain","optional":true},"ssl_check":{"type":"bool","description":"Determines if the SSL certificate should be validated for expiry.","description_kind":"plain","deprecated":true,"optional":true},"ssl_check_domain":{"type":"string","description":"A valid fully qualified domain name (FQDN) to check its SSL certificate.","description_kind":"plain","optional":true},"tags":{"type":["set","string"],"description":"A list of tags for organizing and filtering checks.","description_kind":"plain","optional":true},"teardown_snippet_id":{"type":"number","description":"An ID reference to a snippet to use in the teardown phase of an API check.","description_kind":"plain","optional":true},"type":{"type":"string","description":"The type of the check. Possible values are `API`, `BROWSER`, and `MULTI_STEP`.","description_kind":"plain","required":true},"use_global_alert_settings":{"type":"bool","description":"When true, the account level alert settings will be used, not the alert setting defined on this check.","description_kind":"plain","optional":true}},"block_types":{"alert_channel_subscription":{"nesting_mode":"set","block":{"attributes":{"activated":{"type":"bool","description":"Whether an alert should be sent to this channel.","description_kind":"plain","required":true},"channel_id":{"type":"number","description":"The ID of the alert channel.","description_kind":"plain","required":true}},"description":"An array of channel IDs and whether they're activated or not. If you don't set at least one alert channel subscription for your check, we won't be able to alert you even if it starts failing.","description_kind":"plain"}},"alert_settings":{"nesting_mode":"list","block":{"attributes":{"escalation_type":{"type":"string","description":"Determines the type of escalation to use. Possible values are `RUN_BASED` and `TIME_BASED`. (Default `RUN_BASED`).","description_kind":"plain","optional":true}},"block_types":{"parallel_run_failure_threshold":{"nesting_mode":"list","block":{"attributes":{"enabled":{"type":"bool","description":"Whether parallel run failure threshold is enabled. Only applies if the check is scheduled for multiple locations in parallel. (Default `false`).","description_kind":"plain","optional":true},"percentage":{"type":"number","description":"Percentage of runs that must fail to trigger alert. Possible values are `10`, `20`, `30`, `40`, `50`, `60`, `70`, `80`, `90`, and `100`. (Default `10`).","description_kind":"plain","optional":true}},"description":"Configuration for parallel run failure threshold.","description_kind":"plain"}},"reminders":{"nesting_mode":"list","block":{"attributes":{"amount":{"type":"number","description":"Number of reminder notifications to send. Possible values are `0`, `1`, `2`, `3`, `4`, `5`, and `100000` (`0` to disable, `100000` for unlimited). (Default `0`).","description_kind":"plain","optional":true},"interval":{"type":"number","description":"Interval between reminder notifications in minutes. Possible values are `5`, `10`, `15`, and `30`. (Default `5`).","description_kind":"plain","optional":true}},"description":"Defines how often to send reminder notifications after initial alert.","description_kind":"plain"}},"run_based_escalation":{"nesting_mode":"list","block":{"attributes":{"failed_run_threshold":{"type":"number","description":"Send an alert notification after the given number of consecutive check runs have failed. Possible values are between `1` and `5`. (Default `1`).","description_kind":"plain","optional":true}},"description":"Configuration for run-based escalation.","description_kind":"plain"}},"ssl_certificates":{"nesting_mode":"set","block":{"attributes":{"alert_threshold":{"type":"number","description":"No longer available.","description_kind":"plain","optional":true},"enabled":{"type":"bool","description":"No longer available.","description_kind":"plain","optional":true}},"description_kind":"plain","deprecated":true}},"time_based_escalation":{"nesting_mode":"list","block":{"attributes":{"minutes_failing_threshold":{"type":"number","description":"Send an alert notification after the check has been failing for the given amount of time (in minutes). Possible values are `5`, `10`, `15`, and `30`. (Default `5`).","description_kind":"plain","optional":true}},"description":"Configuration for time-based escalation.","description_kind":"plain"}}},"description":"Determines the alert escalation policy for the check.","description_kind":"plain"},"max_items":1},"environment_variable":{"nesting_mode":"list","block":{"attributes":{"key":{"type":"string","description":"The name of the environment variable or secret.","description_kind":"plain","required":true},"locked":{"type":"bool","description":"If true, the value is not shown by default, but it can be accessed. (Default `false`).","description_kind":"plain","optional":true},"secret":{"type":"bool","description":"If true, the value will never be visible. (Default `false`).","description_kind":"plain","optional":true},"value":{"type":"string","description":"The value of the environment variable or secret.","description_kind":"plain","required":true}},"description":"Insert environment variables into the runtime environment. Only relevant for browser checks. Use global environment variables whenever possible.","description_kind":"plain"}},"request":{"nesting_mode":"set","block":{"attributes":{"body":{"type":"string","description":"The body of the request.","description_kind":"plain","optional":true},"body_type":{"type":"string","description":"The `Content-Type` header of the request. Possible values `NONE`, `JSON`, `FORM`, `RAW`, and `GRAPHQL`.","description_kind":"plain","optional":true},"follow_redirects":{"type":"bool","description_kind":"plain","optional":true},"headers":{"type":["map","string"],"description_kind":"plain","optional":true,"computed":true},"ip_family":{"type":"string","description":"IP Family to be used when executing the api check. The value can be either IPv4 or IPv6.","description_kind":"plain","optional":true},"method":{"type":"string","description":"The HTTP method to use for this API check. Possible values are `GET`, `POST`, `PUT`, `HEAD`, `DELETE`, `PATCH`. (Default `GET`).","description_kind":"plain","optional":true},"query_parameters":{"type":["map","string"],"description_kind":"plain","optional":true,"computed":true},"skip_ssl":{"type":"bool","description_kind":"plain","optional":true},"url":{"type":"string","description_kind":"plain","required":true}},"block_types":{"assertion":{"nesting_mode":"set","block":{"attributes":{"comparison":{"type":"string","description":"The type of comparison to be executed between expected and actual value of the assertion. Possible values `EQUALS`, `NOT_EQUALS`, `HAS_KEY`, `NOT_HAS_KEY`, `HAS_VALUE`, `NOT_HAS_VALUE`, `IS_EMPTY`, `NOT_EMPTY`, `GREATER_THAN`, `LESS_THAN`, `CONTAINS`, `NOT_CONTAINS`, `IS_NULL`, and `NOT_NULL`.","description_kind":"plain","required":true},"property":{"type":"string","description_kind":"plain","optional":true},"source":{"type":"string","description":"The source of the asserted value. Possible values `STATUS_CODE`, `JSON_BODY`, `HEADERS`, `TEXT_BODY`, and `RESPONSE_TIME`.","description_kind":"plain","required":true},"target":{"type":"string","description_kind":"plain","optional":true}},"description":"A request can have multiple assertions.","description_kind":"plain"}},"basic_auth":{"nesting_mode":"set","block":{"attributes":{"password":{"type":"string","description_kind":"plain","required":true},"username":{"type":"string","description_kind":"plain","required":true}},"description":"Set up HTTP basic authentication (username \u0026 password).","description_kind":"plain"},"max_items":1}},"description":"An API check might have one request config.","description_kind":"plain"},"max_items":1},"retry_strategy":{"nesting_mode":"list","block":{"attributes":{"base_backoff_seconds":{"type":"number","description":"The number of seconds to wait before the first retry attempt. (Default `60`).","description_kind":"plain","optional":true},"max_duration_seconds":{"type":"number","description":"The total amount of time to continue retrying the check/monitor (maximum 600 seconds). Available when `type` is `FIXED`, `LINEAR`, or `EXPONENTIAL`. (Default `600`).","description_kind":"plain","optional":true},"max_retries":{"type":"number","description":"The maximum number of times to retry the check/monitor. Value must be between `1` and `10`. Available when `type` is `FIXED`, `LINEAR`, or `EXPONENTIAL`. (Default `2`).","description_kind":"plain","optional":true},"same_region":{"type":"bool","description":"Whether retries should be run in the same region as the initial check/monitor run. (Default `true`).","description_kind":"plain","optional":true},"type":{"type":"string","description":"Determines which type of retry strategy to use. Possible values are `FIXED`, `LINEAR`, `EXPONENTIAL`, `SINGLE_RETRY`, and `NO_RETRIES`.","description_kind":"plain","required":true}},"block_types":{"only_on":{"nesting_mode":"list","block":{"attributes":{"network_error":{"type":"bool","description":"When `true`, retry only if the cause of the failure is a network error. (Default `false`).","description_kind":"plain","optional":true}},"description":"Apply the retry strategy only if the defined conditions match.","description_kind":"plain"},"max_items":1}},"description":"A strategy for retrying failed check/monitor runs.","description_kind":"plain"},"max_items":1},"trigger_incident":{"nesting_mode":"set","block":{"attributes":{"description":{"type":"string","description":"A detailed description of the incident.","description_kind":"plain","required":true},"name":{"type":"string","description":"The name of the incident.","description_kind":"plain","required":true},"notify_subscribers":{"type":"bool","description":"Whether to notify subscribers when the incident is triggered.","description_kind":"plain","required":true},"service_id":{"type":"string","description":"The status page service that this incident will be associated with.","description_kind":"plain","required":true},"severity":{"type":"string","description":"The severity level of the incident. Possible values are `MINOR`, `MEDIUM`, `MAJOR`, and `CRITICAL`.","description_kind":"plain","required":true}},"description":"Create and resolve an incident based on the alert configuration. Useful for status page automation.","description_kind":"plain"},"max_items":1}},"description":"Checks allows you to monitor key webapp flows, backend API's and set up alerting, so you get a notification when things break or slow down.","description_kind":"plain"}},"checkly_check_group":{"version":0,"block":{"attributes":{"activated":{"type":"bool","description":"Determines if the checks in the group are running or not.","description_kind":"plain","required":true},"concurrency":{"type":"number","description":"Determines how many checks are run concurrently when triggering a check group from CI/CD or through the API.","description_kind":"plain","required":true},"double_check":{"type":"bool","description":"Setting this to `true` will trigger a retry when a check fails from the failing region and another, randomly selected region before marking the check as failed. (Default `false`).","description_kind":"plain","deprecated":true,"optional":true},"environment_variables":{"type":["map","string"],"description":"Key/value pairs of environment variables to insert into the runtime environment.","description_kind":"plain","deprecated":true,"optional":true},"id":{"type":"string","description_kind":"plain","optional":true,"computed":true},"local_setup_script":{"type":"string","description":"A valid piece of Node.js code to run in the setup phase of an API check in this group.","description_kind":"plain","optional":true},"local_teardown_script":{"type":"string","description":"A valid piece of Node.js code to run in the teardown phase of an API check in this group.","description_kind":"plain","optional":true},"locations":{"type":["set","string"],"description":"An array of one or more data center locations where to run the checks.","description_kind":"plain","optional":true},"muted":{"type":"bool","description":"Determines if any notifications will be sent out when a check in this group fails and/or recovers.","description_kind":"plain","optional":true},"name":{"type":"string","description":"The name of the check group.","description_kind":"plain","required":true},"private_locations":{"type":["set","string"],"description":"An array of one or more private locations slugs.","description_kind":"plain","optional":true},"run_parallel":{"type":"bool","description":"Determines if the checks in the group should run in all selected locations in parallel or round-robin.","description_kind":"plain","optional":true},"runtime_id":{"type":"string","description":"The id of the runtime to use for this group.","description_kind":"plain","optional":true},"setup_snippet_id":{"type":"number","description":"An ID reference to a snippet to use in the setup phase of an API check.","description_kind":"plain","optional":true},"tags":{"type":["set","string"],"description":"Tags for organizing and filtering checks.","description_kind":"plain","optional":true},"teardown_snippet_id":{"type":"number","description":"An ID reference to a snippet to use in the teardown phase of an API check.","description_kind":"plain","optional":true},"use_global_alert_settings":{"type":"bool","description":"When true, the account level alert settings will be used, not the alert setting defined on this check group.","description_kind":"plain","optional":true}},"block_types":{"alert_channel_subscription":{"nesting_mode":"set","block":{"attributes":{"activated":{"type":"bool","description":"Whether an alert should be sent to this channel.","description_kind":"plain","required":true},"channel_id":{"type":"number","description":"The ID of the alert channel.","description_kind":"plain","required":true}},"description":"An array of channel IDs and whether they're activated or not. If you don't set at least one alert channel subscription for your check, we won't be able to alert you even if it starts failing.","description_kind":"plain"}},"alert_settings":{"nesting_mode":"list","block":{"attributes":{"escalation_type":{"type":"string","description":"Determines the type of escalation to use. Possible values are `RUN_BASED` and `TIME_BASED`. (Default `RUN_BASED`).","description_kind":"plain","optional":true}},"block_types":{"parallel_run_failure_threshold":{"nesting_mode":"list","block":{"attributes":{"enabled":{"type":"bool","description":"Whether parallel run failure threshold is enabled. Only applies if the check is scheduled for multiple locations in parallel. (Default `false`).","description_kind":"plain","optional":true},"percentage":{"type":"number","description":"Percentage of runs that must fail to trigger alert. Possible values are `10`, `20`, `30`, `40`, `50`, `60`, `70`, `80`, `90`, and `100`. (Default `10`).","description_kind":"plain","optional":true}},"description":"Configuration for parallel run failure threshold.","description_kind":"plain"}},"reminders":{"nesting_mode":"list","block":{"attributes":{"amount":{"type":"number","description":"Number of reminder notifications to send. Possible values are `0`, `1`, `2`, `3`, `4`, `5`, and `100000` (`0` to disable, `100000` for unlimited). (Default `0`).","description_kind":"plain","optional":true},"interval":{"type":"number","description":"Interval between reminder notifications in minutes. Possible values are `5`, `10`, `15`, and `30`. (Default `5`).","description_kind":"plain","optional":true}},"description":"Defines how often to send reminder notifications after initial alert.","description_kind":"plain"}},"run_based_escalation":{"nesting_mode":"list","block":{"attributes":{"failed_run_threshold":{"type":"number","description":"Send an alert notification after the given number of consecutive check runs have failed. Possible values are between `1` and `5`. (Default `1`).","description_kind":"plain","optional":true}},"description":"Configuration for run-based escalation.","description_kind":"plain"}},"ssl_certificates":{"nesting_mode":"set","block":{"attributes":{"alert_threshold":{"type":"number","description":"No longer available.","description_kind":"plain","optional":true},"enabled":{"type":"bool","description":"No longer available.","description_kind":"plain","optional":true}},"description_kind":"plain","deprecated":true}},"time_based_escalation":{"nesting_mode":"list","block":{"attributes":{"minutes_failing_threshold":{"type":"number","description":"Send an alert notification after the check has been failing for the given amount of time (in minutes). Possible values are `5`, `10`, `15`, and `30`. (Default `5`).","description_kind":"plain","optional":true}},"description":"Configuration for time-based escalation.","description_kind":"plain"}}},"description":"Determines the alert escalation policy for the check.","description_kind":"plain"},"max_items":1},"api_check_defaults":{"nesting_mode":"set","block":{"attributes":{"headers":{"type":["map","string"],"description_kind":"plain","optional":true,"computed":true},"query_parameters":{"type":["map","string"],"description_kind":"plain","optional":true,"computed":true},"url":{"type":"string","description":"The base url for this group which you can reference with the `GROUP_BASE_URL` variable in all group checks.","description_kind":"plain","required":true}},"block_types":{"assertion":{"nesting_mode":"set","block":{"attributes":{"comparison":{"type":"string","description":"The type of comparison to be executed between expected and actual value of the assertion. Possible values `EQUALS`, `NOT_EQUALS`, `HAS_KEY`, `NOT_HAS_KEY`, `HAS_VALUE`, `NOT_HAS_VALUE`, `IS_EMPTY`, `NOT_EMPTY`, `GREATER_THAN`, `LESS_THAN`, `CONTAINS`, `NOT_CONTAINS`, `IS_NULL`, and `NOT_NULL`.","description_kind":"plain","required":true},"property":{"type":"string","description_kind":"plain","optional":true},"source":{"type":"string","description":"The source of the asserted value. Possible values `STATUS_CODE`, `JSON_BODY`, `HEADERS`, `TEXT_BODY`, and `RESPONSE_TIME`.","description_kind":"plain","required":true},"target":{"type":"string","description_kind":"plain","required":true}},"description_kind":"plain"}},"basic_auth":{"nesting_mode":"set","block":{"attributes":{"password":{"type":"string","description_kind":"plain","required":true},"username":{"type":"string","description_kind":"plain","required":true}},"description_kind":"plain"},"max_items":1}},"description_kind":"plain"},"max_items":1},"environment_variable":{"nesting_mode":"list","block":{"attributes":{"key":{"type":"string","description":"The name of the environment variable or secret.","description_kind":"plain","required":true},"locked":{"type":"bool","description":"If true, the value is not shown by default, but it can be accessed. (Default `false`).","description_kind":"plain","optional":true},"secret":{"type":"bool","description":"If true, the value will never be visible. (Default `false`).","description_kind":"plain","optional":true},"value":{"type":"string","description":"The value of the environment variable or secret.","description_kind":"plain","required":true}},"description":"Insert environment variables into the runtime environment. Only relevant for browser checks. Use global environment variables whenever possible.","description_kind":"plain"}},"retry_strategy":{"nesting_mode":"list","block":{"attributes":{"base_backoff_seconds":{"type":"number","description":"The number of seconds to wait before the first retry attempt. (Default `60`).","description_kind":"plain","optional":true},"max_duration_seconds":{"type":"number","description":"The total amount of time to continue retrying the check/monitor (maximum 600 seconds). Available when `type` is `FIXED`, `LINEAR`, or `EXPONENTIAL`. (Default `600`).","description_kind":"plain","optional":true},"max_retries":{"type":"number","description":"The maximum number of times to retry the check/monitor. Value must be between `1` and `10`. Available when `type` is `FIXED`, `LINEAR`, or `EXPONENTIAL`. (Default `2`).","description_kind":"plain","optional":true},"same_region":{"type":"bool","description":"Whether retries should be run in the same region as the initial check/monitor run. (Default `true`).","description_kind":"plain","optional":true},"type":{"type":"string","description":"Determines which type of retry strategy to use. Possible values are `FIXED`, `LINEAR`, `EXPONENTIAL`, `SINGLE_RETRY`, and `NO_RETRIES`.","description_kind":"plain","required":true}},"block_types":{"only_on":{"nesting_mode":"list","block":{"attributes":{"network_error":{"type":"bool","description":"When `true`, retry only if the cause of the failure is a network error. (Default `false`).","description_kind":"plain","optional":true}},"description":"Apply the retry strategy only if the defined conditions match.","description_kind":"plain"},"max_items":1}},"description":"A strategy for retrying failed check/monitor runs.","description_kind":"plain"},"max_items":1}},"description":"Check groups allow  you to group together a set of related checks, which can also share default settings for various attributes.","description_kind":"plain"}},"checkly_check_group_v2":{"version":0,"block":{"attributes":{"activated":{"type":"bool","description":"Determines whether activated checks in the group should run or not. Deactivating the group will prevent all checks in the group from running, regardless of their activated state. (Default `true`).","description_kind":"plain","optional":true},"concurrency":{"type":"number","description":"Determines the number of checks to run concurrently when triggering the check group via CI/CD or the API. (Default `1`).","description_kind":"plain","optional":true},"id":{"type":"string","description_kind":"plain","optional":true,"computed":true},"muted":{"type":"bool","description":"Determines if any notifications will be sent out when a check in this group fails and/or recovers. Muting the group will deactivate all notifications for all checks in the group, regardless of their muted state. (Default `false`).","description_kind":"plain","optional":true},"name":{"type":"string","description":"The name of the check group.","description_kind":"plain","required":true},"tags":{"type":["set","string"],"description":"Additional tags to append to all checks in the group.","description_kind":"plain","optional":true}},"block_types":{"api_check_defaults":{"nesting_mode":"set","block":{"attributes":{"headers":{"type":["map","string"],"description_kind":"plain","optional":true,"computed":true},"query_parameters":{"type":["map","string"],"description_kind":"plain","optional":true,"computed":true},"url":{"type":"string","description":"The base url for this group which you can reference with the `GROUP_BASE_URL` variable in all group checks.","description_kind":"plain","required":true}},"block_types":{"assertion":{"nesting_mode":"set","block":{"attributes":{"comparison":{"type":"string","description":"The type of comparison to be executed between expected and actual value of the assertion. Possible values `EQUALS`, `NOT_EQUALS`, `HAS_KEY`, `NOT_HAS_KEY`, `HAS_VALUE`, `NOT_HAS_VALUE`, `IS_EMPTY`, `NOT_EMPTY`, `GREATER_THAN`, `LESS_THAN`, `CONTAINS`, `NOT_CONTAINS`, `IS_NULL`, and `NOT_NULL`.","description_kind":"plain","required":true},"property":{"type":"string","description_kind":"plain","optional":true},"source":{"type":"string","description":"The source of the asserted value. Possible values `STATUS_CODE`, `JSON_BODY`, `HEADERS`, `TEXT_BODY`, and `RESPONSE_TIME`.","description_kind":"plain","required":true},"target":{"type":"string","description_kind":"plain","required":true}},"description_kind":"plain"}},"basic_auth":{"nesting_mode":"set","block":{"attributes":{"password":{"type":"string","description_kind":"plain","required":true},"username":{"type":"string","description_kind":"plain","required":true}},"description_kind":"plain"},"max_items":1}},"description_kind":"plain"},"max_items":1},"default_runtime":{"nesting_mode":"list","block":{"attributes":{"runtime_id":{"type":"string","description":"The runtime ID.","description_kind":"plain","required":true}},"description":"Sets a default runtime for the group. Used as a fallback when a check belonging to the group has no runtime set. Takes precedence over the account default runtime.","description_kind":"plain"},"max_items":1},"enforce_alert_settings":{"nesting_mode":"list","block":{"attributes":{"enabled":{"type":"bool","description":"Determines whether the enforced alert settings should be active.","description_kind":"plain","required":true},"use_global_alert_settings":{"type":"bool","description":"Whether to use account level alert settings instead of the group's alert settings.Default (`false`).","description_kind":"plain","optional":true}},"block_types":{"alert_channel_subscription":{"nesting_mode":"set","block":{"attributes":{"activated":{"type":"bool","description":"Whether an alert should be sent to this channel.","description_kind":"plain","required":true},"channel_id":{"type":"number","description":"The ID of the alert channel.","description_kind":"plain","required":true}},"description":"An array of channel IDs and whether they're activated or not. If you don't set at least one alert channel subscription for your check, we won't be able to alert you even if it starts failing.","description_kind":"plain"}},"alert_settings":{"nesting_mode":"list","block":{"attributes":{"escalation_type":{"type":"string","description":"Determines the type of escalation to use. Possible values are `RUN_BASED` and `TIME_BASED`. (Default `RUN_BASED`).","description_kind":"plain","optional":true}},"block_types":{"parallel_run_failure_threshold":{"nesting_mode":"list","block":{"attributes":{"enabled":{"type":"bool","description":"Whether parallel run failure threshold is enabled. Only applies if the check is scheduled for multiple locations in parallel. (Default `false`).","description_kind":"plain","optional":true},"percentage":{"type":"number","description":"Percentage of runs that must fail to trigger alert. Possible values are `10`, `20`, `30`, `40`, `50`, `60`, `70`, `80`, `90`, and `100`. (Default `10`).","description_kind":"plain","optional":true}},"description":"Configuration for parallel run failure threshold.","description_kind":"plain"}},"reminders":{"nesting_mode":"list","block":{"attributes":{"amount":{"type":"number","description":"Number of reminder notifications to send. Possible values are `0`, `1`, `2`, `3`, `4`, `5`, and `100000` (`0` to disable, `100000` for unlimited). (Default `0`).","description_kind":"plain","optional":true},"interval":{"type":"number","description":"Interval between reminder notifications in minutes. Possible values are `5`, `10`, `15`, and `30`. (Default `5`).","description_kind":"plain","optional":true}},"description":"Defines how often to send reminder notifications after initial alert.","description_kind":"plain"}},"run_based_escalation":{"nesting_mode":"list","block":{"attributes":{"failed_run_threshold":{"type":"number","description":"Send an alert notification after the given number of consecutive check runs have failed. Possible values are between `1` and `5`. (Default `1`).","description_kind":"plain","optional":true}},"description":"Configuration for run-based escalation.","description_kind":"plain"}},"ssl_certificates":{"nesting_mode":"set","block":{"attributes":{"alert_threshold":{"type":"number","description":"No longer available.","description_kind":"plain","optional":true},"enabled":{"type":"bool","description":"No longer available.","description_kind":"plain","optional":true}},"description_kind":"plain","deprecated":true}},"time_based_escalation":{"nesting_mode":"list","block":{"attributes":{"minutes_failing_threshold":{"type":"number","description":"Send an alert notification after the check has been failing for the given amount of time (in minutes). Possible values are `5`, `10`, `15`, and `30`. (Default `5`).","description_kind":"plain","optional":true}},"description":"Configuration for time-based escalation.","description_kind":"plain"}}},"description":"Determines the alert escalation policy for the check.","description_kind":"plain"},"max_items":1}},"description":"Enforces alert settings for the whole group. Overrides check configuration.","description_kind":"plain"},"max_items":1},"enforce_locations":{"nesting_mode":"list","block":{"attributes":{"enabled":{"type":"bool","description":"Determines whether the enforced locations should be active.","description_kind":"plain","required":true},"locations":{"type":["set","string"],"description":"An array of one or more data center locations where to run the checks.","description_kind":"plain","optional":true},"private_locations":{"type":["set","string"],"description":"An array of one or more private locations slugs.","description_kind":"plain","optional":true}},"description":"Enforces public and private locations for the whole group. Overrides check configuration.","description_kind":"plain"},"max_items":1},"enforce_retry_strategy":{"nesting_mode":"list","block":{"attributes":{"enabled":{"type":"bool","description":"Determines whether the enforced retry strategy should be active.","description_kind":"plain","required":true}},"block_types":{"retry_strategy":{"nesting_mode":"list","block":{"attributes":{"base_backoff_seconds":{"type":"number","description":"The number of seconds to wait before the first retry attempt. (Default `60`).","description_kind":"plain","optional":true},"max_duration_seconds":{"type":"number","description":"The total amount of time to continue retrying the check/monitor (maximum 600 seconds). Available when `type` is `FIXED`, `LINEAR`, or `EXPONENTIAL`. (Default `600`).","description_kind":"plain","optional":true},"max_retries":{"type":"number","description":"The maximum number of times to retry the check/monitor. Value must be between `1` and `10`. Available when `type` is `FIXED`, `LINEAR`, or `EXPONENTIAL`. (Default `2`).","description_kind":"plain","optional":true},"same_region":{"type":"bool","description":"Whether retries should be run in the same region as the initial check/monitor run. (Default `true`).","description_kind":"plain","optional":true},"type":{"type":"string","description":"Determines which type of retry strategy to use. Possible values are `FIXED`, `LINEAR`, `EXPONENTIAL`, `SINGLE_RETRY`, and `NO_RETRIES`.","description_kind":"plain","required":true}},"block_types":{"only_on":{"nesting_mode":"list","block":{"attributes":{"network_error":{"type":"bool","description":"When `true`, retry only if the cause of the failure is a network error. (Default `false`).","description_kind":"plain","optional":true}},"description":"Apply the retry strategy only if the defined conditions match.","description_kind":"plain"},"max_items":1}},"description":"A strategy for retrying failed check/monitor runs.","description_kind":"plain"},"min_items":1,"max_items":1}},"description":"Enforces a retry strategy for the whole group. Overrides check configuration.","description_kind":"plain"},"max_items":1},"enforce_scheduling_strategy":{"nesting_mode":"list","block":{"attributes":{"enabled":{"type":"bool","description":"Determines whether the enforced scheduling strategy should be active.","description_kind":"plain","required":true},"run_parallel":{"type":"bool","description":"Determines if the checks in the group should run in all selected locations in parallel or round-robin.","description_kind":"plain","required":true}},"description":"Enforces a scheduling strategy for the whole group. Overrides check configuration.","description_kind":"plain"},"max_items":1},"environment_variable":{"nesting_mode":"list","block":{"attributes":{"key":{"type":"string","description":"The name of the environment variable or secret.","description_kind":"plain","required":true},"locked":{"type":"bool","description":"If true, the value is not shown by default, but it can be accessed. (Default `false`).","description_kind":"plain","optional":true},"secret":{"type":"bool","description":"If true, the value will never be visible. (Default `false`).","description_kind":"plain","optional":true},"value":{"type":"string","description":"The value of the environment variable or secret.","description_kind":"plain","required":true}},"description":"Insert environment variables into the runtime environment of checks in the group. Only relevant for check types that support environment variables. Use global environment variables whenever possible.","description_kind":"plain"}},"setup_script":{"nesting_mode":"list","block":{"attributes":{"inline_script":{"type":"string","description":"A valid piece of Node.js code.","description_kind":"plain","optional":true},"snippet_id":{"type":"number","description":"The ID of a code snippet. Code snippets are not available for new plans.","description_kind":"plain","optional":true}},"description":"A script to run in the setup phase of an API check. Runs in addition to the check's own setup script.","description_kind":"plain"},"max_items":1},"teardown_script":{"nesting_mode":"list","block":{"attributes":{"inline_script":{"type":"string","description":"A valid piece of Node.js code.","description_kind":"plain","optional":true},"snippet_id":{"type":"number","description":"The ID of a code snippet. Code snippets are not available for new plans.","description_kind":"plain","optional":true}},"description":"A script to run in the teardown phase of an API check. Runs in addition to the check's own teardown script.","description_kind":"plain"},"max_items":1}},"description":"Check groups organize related checks together and allow optional shared configuration. \n\nUnlike `checkly_check_group` (v1), which always imposed implicit defaults for various settings, `checkly_check_group_v2` does not override any check settings by default. A group can be as minimal as just a name. Use the optional `enforce_*` blocks only when you explicitly want the group to override individual check settings.\n\nThe new `checkly_check_group_v2` resource should always be preferred over the old `checkly_check_group` resource.","description_kind":"plain"}},"checkly_client_certificate":{"version":0,"block":{"attributes":{"certificate":{"type":"string","description":"The client certificate in PEM format.","description_kind":"plain","required":true},"host":{"type":"string","description":"The host domain that the certificate should be used for.","description_kind":"plain","required":true},"id":{"type":"string","description_kind":"plain","optional":true,"computed":true},"passphrase":{"type":"string","description":"Passphrase for the private key.","description_kind":"plain","optional":true,"sensitive":true},"private_key":{"type":"string","description":"The private key for the certificate in PEM format.","description_kind":"plain","required":true},"trusted_ca":{"type":"string","description":"PEM formatted bundle of CA certificates that the client should trust. The bundle may contain many CA certificates.","description_kind":"plain","optional":true}},"description":"Use client certificates to authenticate your API checks to APIs that require mutual TLS (mTLS) authentication, or any other authentication scheme where the requester needs to provide a certificate.\n\nEach client certificate is specific to a domain name, e.g. `acme.com` and will be used automatically by any API checks targeting that domain.\n\nChanging the value of any attribute forces a new resource to be created.","description_kind":"plain"}},"checkly_dashboard":{"version":0,"block":{"attributes":{"checks_per_page":{"type":"number","description":"Determines how many checks to show per page. Possible values are between 1 and 20. (Default `15`).","description_kind":"plain","optional":true},"custom_css":{"type":"string","description":"Custom CSS to be applied to the dashboard.","description_kind":"plain","optional":true},"custom_domain":{"type":"string","description":"A custom user domain, e.g. 'status.example.com'. See the docs on updating your DNS and SSL usage.","description_kind":"plain","optional":true},"custom_url":{"type":"string","description":"A subdomain name under 'checklyhq.com'. Needs to be unique across all users.","description_kind":"plain","required":true},"description":{"type":"string","description":"HTML \u003cmeta\u003e description for the dashboard.","description_kind":"plain","optional":true},"enable_incidents":{"type":"bool","description":"Enable incident support for the dashboard. (Default `false`).","description_kind":"plain","optional":true},"expand_checks":{"type":"bool","description":"Expand or collapse checks on the dashboard. (Default `false`).","description_kind":"plain","optional":true},"favicon":{"type":"string","description":"A URL pointing to an image file to use as browser favicon.","description_kind":"plain","optional":true},"header":{"type":"string","description":"A piece of text displayed at the top of your dashboard.","description_kind":"plain","required":true},"hide_tags":{"type":"bool","description":"Show or hide the tags on the dashboard. (Default `false`).","description_kind":"plain","optional":true},"id":{"type":"string","description_kind":"plain","optional":true,"computed":true},"is_private":{"type":"bool","description":"Set your dashboard as private and generate key.","description_kind":"plain","optional":true},"key":{"type":"string","description":"The access key when the dashboard is private.","description_kind":"plain","computed":true,"sensitive":true},"link":{"type":"string","description":"A link to for the dashboard logo.","description_kind":"plain","optional":true},"logo":{"type":"string","description":"A URL pointing to an image file to use for the dashboard logo.","description_kind":"plain","optional":true},"paginate":{"type":"bool","description":"Determines if pagination is on or off. (Default `true`).","description_kind":"plain","optional":true},"pagination_rate":{"type":"number","description":"How often to trigger pagination in seconds. Possible values `30`, `60` and `300`. (Default `60`).","description_kind":"plain","optional":true},"refresh_rate":{"type":"number","description":"How often to refresh the dashboard in seconds. Possible values `60`, '300' and `600`. (Default `60`).","description_kind":"plain","optional":true},"show_check_run_links":{"type":"bool","description":"Show or hide check run links on the dashboard. (Default `false`).","description_kind":"plain","optional":true},"show_header":{"type":"bool","description":"Show or hide header and description on the dashboard. (Default `true`).","description_kind":"plain","optional":true},"show_p95":{"type":"bool","description":"Show or hide the P95 stats on the dashboard. (Default `true`).","description_kind":"plain","optional":true},"show_p99":{"type":"bool","description":"Show or hide the P99 stats on the dashboard. (Default `true`).","description_kind":"plain","optional":true},"tags":{"type":["set","string"],"description":"A list of one or more tags that filter which checks to display on the dashboard.","description_kind":"plain","optional":true},"use_tags_and_operator":{"type":"bool","description":"Set when to use AND operator for fetching dashboard tags. (Default `false`).","description_kind":"plain","optional":true},"width":{"type":"string","description":"Determines whether to use the full screen or focus in the center. Possible values are `FULL` and `960PX`. (Default `FULL`).","description_kind":"plain","optional":true}},"description_kind":"plain"}},"checkly_dns_monitor":{"version":0,"block":{"attributes":{"activated":{"type":"bool","description":"Determines whether the monitor will run periodically or not after being deployed.","description_kind":"plain","required":true},"degraded_response_time":{"type":"number","description":"The response time in milliseconds where the monitor should be considered degraded. Possible values are between `0` and `5000`. (Default `500`).","description_kind":"plain","optional":true},"description":{"type":"string","description":"A description of the monitor.","description_kind":"plain","optional":true},"frequency":{"type":"number","description":"Controls how often the monitor should run. Defined in minutes. The allowed values are `0` (high frequency - use `frequency_offset` to define the actual frequency), `1` (1 minute), `2` (2 minutes), `5` (5 minutes), `10` (10 minutes), `15` (15 minutes), `30` (30 minutes), `60` (1 hour), `120` (2 hours), `180` (3 hours), `360` (6 hours), `720` (12 hours) and `1440` (24 hours).","description_kind":"plain","required":true},"frequency_offset":{"type":"number","description":"When `frequency` is `0` (high frequency), `frequency_offset` is required and it alone controls how often the monitor should run. Defined in seconds. The allowed values are `0` (disabled - use `frequency` to define the actual frequency), `10` (10 seconds), `20` (20 seconds) and `30` (30 seconds).","description_kind":"plain","optional":true},"group_id":{"type":"number","description":"The ID of the check group that this monitor is part of.","description_kind":"plain","optional":true},"group_order":{"type":"number","description":"The position of the monitor in the check group. It determines in what order checks and monitors are run when a group is triggered from the API or from CI/CD.","description_kind":"plain","optional":true},"id":{"type":"string","description_kind":"plain","optional":true,"computed":true},"locations":{"type":["set","string"],"description":"An array of one or more data center locations where to run the this monitor.","description_kind":"plain","optional":true},"max_response_time":{"type":"number","description":"The response time in milliseconds where the monitor should be considered failing. Possible values are between `0` and `5000`. (Default `1000`).","description_kind":"plain","optional":true},"muted":{"type":"bool","description":"Determines if any notifications will be sent out when the monitor fails and/or recovers. (Default `false`).","description_kind":"plain","optional":true},"name":{"type":"string","description":"The name of the monitor.","description_kind":"plain","required":true},"run_parallel":{"type":"bool","description":"Determines whether the monitor should run on all selected locations in parallel or round-robin. (Default `false`).","description_kind":"plain","optional":true},"tags":{"type":["set","string"],"description":"A list of tags for organizing and filtering checks and monitors.","description_kind":"plain","optional":true},"use_global_alert_settings":{"type":"bool","description":"When true, the account level alert settings will be used, not the alert setting defined on this monitor. (Default `true`).","description_kind":"plain","optional":true}},"block_types":{"alert_channel_subscription":{"nesting_mode":"set","block":{"attributes":{"activated":{"type":"bool","description":"Whether an alert should be sent to this channel.","description_kind":"plain","required":true},"channel_id":{"type":"number","description":"The ID of the alert channel.","description_kind":"plain","required":true}},"description":"An array of channel IDs and whether they're activated or not. If you don't set at least one alert channel subscription for your monitor, we won't be able to alert you even if it starts failing.","description_kind":"plain"}},"alert_settings":{"nesting_mode":"list","block":{"attributes":{"escalation_type":{"type":"string","description":"Determines the type of escalation to use. Possible values are `RUN_BASED` and `TIME_BASED`. (Default `RUN_BASED`).","description_kind":"plain","optional":true}},"block_types":{"parallel_run_failure_threshold":{"nesting_mode":"list","block":{"attributes":{"enabled":{"type":"bool","description":"Whether parallel run failure threshold is enabled. Only applies if the monitor is scheduled for multiple locations in parallel. (Default `false`).","description_kind":"plain","optional":true},"percentage":{"type":"number","description":"Percentage of runs that must fail to trigger alert. Possible values are `10`, `20`, `30`, `40`, `50`, `60`, `70`, `80`, `90`, and `100`. (Default `10`).","description_kind":"plain","optional":true}},"description":"Configuration for parallel run failure threshold.","description_kind":"plain"}},"reminders":{"nesting_mode":"list","block":{"attributes":{"amount":{"type":"number","description":"Number of reminder notifications to send. Possible values are `0`, `1`, `2`, `3`, `4`, `5`, and `100000` (`0` to disable, `100000` for unlimited). (Default `0`).","description_kind":"plain","optional":true},"interval":{"type":"number","description":"Interval between reminder notifications in minutes. Possible values are `5`, `10`, `15`, and `30`. (Default `5`).","description_kind":"plain","optional":true}},"description":"Defines how often to send reminder notifications after initial alert.","description_kind":"plain"}},"run_based_escalation":{"nesting_mode":"list","block":{"attributes":{"failed_run_threshold":{"type":"number","description":"Send an alert notification after the given number of consecutive monitor runs have failed. Possible values are between `1` and `5`. (Default `1`).","description_kind":"plain","optional":true}},"description":"Configuration for run-based escalation.","description_kind":"plain"}},"time_based_escalation":{"nesting_mode":"list","block":{"attributes":{"minutes_failing_threshold":{"type":"number","description":"Send an alert notification after the monitor has been failing for the given amount of time (in minutes). Possible values are `5`, `10`, `15`, and `30`. (Default `5`).","description_kind":"plain","optional":true}},"description":"Configuration for time-based escalation.","description_kind":"plain"}}},"description":"Determines the alert escalation policy for the monitor.","description_kind":"plain"},"max_items":1},"request":{"nesting_mode":"list","block":{"attributes":{"protocol":{"type":"string","description":"The protocol used to communicate with the name server. Possible values are `UDP` and `TCP`. (Default `UDP`).","description_kind":"plain","optional":true},"query":{"type":"string","description":"The DNS record to query.","description_kind":"plain","required":true},"record_type":{"type":"string","description":"The DNS record type. Possible values are `A`, `AAAA`, `CNAME`, `MX`, `NS`, `TXT` and `SOA`.","description_kind":"plain","required":true}},"block_types":{"assertion":{"nesting_mode":"set","block":{"attributes":{"comparison":{"type":"string","description":"The type of comparison to be executed between expected and actual value of the assertion. Possible values are `EQUALS`, `NOT_EQUALS`, `GREATER_THAN` and `LESS_THAN`.","description_kind":"plain","required":true},"property":{"type":"string","description_kind":"plain","optional":true},"source":{"type":"string","description":"The source of the asserted value. Possible values are `RESPONSE_CODE`, `RESPONSE_TIME`, `TEXT_ANSWER` and `JSON_ANSWER`.","description_kind":"plain","required":true},"target":{"type":"string","description":"The target value. Typically `NOERROR` when the source is `RESPONSE_CODE`.","description_kind":"plain","required":true}},"description":"Assertions to validate the HTTP response. DNS monitors only support status code assertions.","description_kind":"plain"}},"name_server":{"nesting_mode":"list","block":{"attributes":{"host":{"type":"string","description":"The name server host.","description_kind":"plain","optional":true},"port":{"type":"number","description":"The name server port.","description_kind":"plain","optional":true}},"description":"The name server to use.","description_kind":"plain"},"max_items":1}},"description":"The parameters of the HTTP request.","description_kind":"plain"},"min_items":1,"max_items":1},"retry_strategy":{"nesting_mode":"list","block":{"attributes":{"base_backoff_seconds":{"type":"number","description":"The number of seconds to wait before the first retry attempt. (Default `60`).","description_kind":"plain","optional":true},"max_duration_seconds":{"type":"number","description":"The total amount of time to continue retrying the check/monitor (maximum 600 seconds). Available when `type` is `FIXED`, `LINEAR`, or `EXPONENTIAL`. (Default `600`).","description_kind":"plain","optional":true},"max_retries":{"type":"number","description":"The maximum number of times to retry the check/monitor. Value must be between `1` and `10`. Available when `type` is `FIXED`, `LINEAR`, or `EXPONENTIAL`. (Default `2`).","description_kind":"plain","optional":true},"same_region":{"type":"bool","description":"Whether retries should be run in the same region as the initial check/monitor run. (Default `true`).","description_kind":"plain","optional":true},"type":{"type":"string","description":"Determines which type of retry strategy to use. Possible values are `FIXED`, `LINEAR`, `EXPONENTIAL`, `SINGLE_RETRY`, and `NO_RETRIES`.","description_kind":"plain","required":true}},"block_types":{"only_on":{"nesting_mode":"list","block":{"description":"Apply the retry strategy only if the defined conditions match.","description_kind":"plain"},"max_items":1}},"description":"A strategy for retrying failed check/monitor runs.","description_kind":"plain"},"max_items":1},"trigger_incident":{"nesting_mode":"set","block":{"attributes":{"description":{"type":"string","description":"A detailed description of the incident.","description_kind":"plain","required":true},"name":{"type":"string","description":"The name of the incident.","description_kind":"plain","required":true},"notify_subscribers":{"type":"bool","description":"Whether to notify subscribers when the incident is triggered.","description_kind":"plain","required":true},"service_id":{"type":"string","description":"The status page service that this incident will be associated with.","description_kind":"plain","required":true},"severity":{"type":"string","description":"The severity level of the incident. Possible values are `MINOR`, `MEDIUM`, `MAJOR`, and `CRITICAL`.","description_kind":"plain","required":true}},"description":"Create and resolve an incident based on the alert configuration. Useful for status page automation.","description_kind":"plain"},"max_items":1}},"description":"Creates a DNS Monitor to check DNS record availability and response times.","description_kind":"plain"}},"checkly_environment_variable":{"version":0,"block":{"attributes":{"id":{"type":"string","description_kind":"plain","optional":true,"computed":true},"key":{"type":"string","description_kind":"plain","required":true},"locked":{"type":"bool","description_kind":"plain","optional":true},"secret":{"type":"bool","description_kind":"plain","optional":true},"value":{"type":"string","description_kind":"plain","required":true}},"description_kind":"plain"}},"checkly_heartbeat":{"version":0,"block":{"attributes":{"activated":{"type":"bool","description":"Determines if the check is running or not. Possible values `true`, and `false`.","description_kind":"plain","required":true},"description":{"type":"string","description":"A description of the monitor.","description_kind":"plain","optional":true},"id":{"type":"string","description_kind":"plain","optional":true,"computed":true},"muted":{"type":"bool","description":"Determines if any notifications will be sent out when a check fails/degrades/recovers.","description_kind":"plain","optional":true},"name":{"type":"string","description":"The name of the check.","description_kind":"plain","required":true},"tags":{"type":["set","string"],"description":"A list of tags for organizing and filtering checks.","description_kind":"plain","optional":true},"use_global_alert_settings":{"type":"bool","description":"When true, the account level alert settings will be used, not the alert setting defined on this check.","description_kind":"plain","optional":true}},"block_types":{"alert_channel_subscription":{"nesting_mode":"set","block":{"attributes":{"activated":{"type":"bool","description":"Whether an alert should be sent to this channel.","description_kind":"plain","required":true},"channel_id":{"type":"number","description":"The ID of the alert channel.","description_kind":"plain","required":true}},"description":"An array of channel IDs and whether they're activated or not. If you don't set at least one alert channel subscription for your monitor, we won't be able to alert you even if it starts failing.","description_kind":"plain"}},"alert_settings":{"nesting_mode":"list","block":{"attributes":{"escalation_type":{"type":"string","description":"Determines the type of escalation to use. Possible values are `RUN_BASED` and `TIME_BASED`. (Default `RUN_BASED`).","description_kind":"plain","optional":true}},"block_types":{"parallel_run_failure_threshold":{"nesting_mode":"list","block":{"attributes":{"enabled":{"type":"bool","description":"Whether parallel run failure threshold is enabled. Only applies if the monitor is scheduled for multiple locations in parallel. (Default `false`).","description_kind":"plain","optional":true},"percentage":{"type":"number","description":"Percentage of runs that must fail to trigger alert. Possible values are `10`, `20`, `30`, `40`, `50`, `60`, `70`, `80`, `90`, and `100`. (Default `10`).","description_kind":"plain","optional":true}},"description":"Configuration for parallel run failure threshold.","description_kind":"plain"}},"reminders":{"nesting_mode":"list","block":{"attributes":{"amount":{"type":"number","description":"Number of reminder notifications to send. Possible values are `0`, `1`, `2`, `3`, `4`, `5`, and `100000` (`0` to disable, `100000` for unlimited). (Default `0`).","description_kind":"plain","optional":true},"interval":{"type":"number","description":"Interval between reminder notifications in minutes. Possible values are `5`, `10`, `15`, and `30`. (Default `5`).","description_kind":"plain","optional":true}},"description":"Defines how often to send reminder notifications after initial alert.","description_kind":"plain"}},"run_based_escalation":{"nesting_mode":"list","block":{"attributes":{"failed_run_threshold":{"type":"number","description":"Send an alert notification after the given number of consecutive monitor runs have failed. Possible values are between `1` and `5`. (Default `1`).","description_kind":"plain","optional":true}},"description":"Configuration for run-based escalation.","description_kind":"plain"}},"ssl_certificates":{"nesting_mode":"set","block":{"attributes":{"alert_threshold":{"type":"number","description":"No longer available.","description_kind":"plain","optional":true},"enabled":{"type":"bool","description":"No longer available.","description_kind":"plain","optional":true}},"description_kind":"plain","deprecated":true}},"time_based_escalation":{"nesting_mode":"list","block":{"attributes":{"minutes_failing_threshold":{"type":"number","description":"Send an alert notification after the monitor has been failing for the given amount of time (in minutes). Possible values are `5`, `10`, `15`, and `30`. (Default `5`).","description_kind":"plain","optional":true}},"description":"Configuration for time-based escalation.","description_kind":"plain"}}},"description":"Determines the alert escalation policy for the monitor.","description_kind":"plain"},"max_items":1},"heartbeat":{"nesting_mode":"set","block":{"attributes":{"grace":{"type":"number","description":"How long Checkly should wait before triggering any alerts when a ping does not arrive within the set period.","description_kind":"plain","required":true},"grace_unit":{"type":"string","description":"Possible values `seconds`, `minutes`, `hours` and `days`.","description_kind":"plain","required":true},"period":{"type":"number","description":"How often you expect a ping to the ping URL.","description_kind":"plain","required":true},"period_unit":{"type":"string","description":"Possible values `seconds`, `minutes`, `hours` and `days`.","description_kind":"plain","required":true},"ping_token":{"type":"string","description":"Custom token to generate your ping URL. Checkly will expect a ping to `https://ping.checklyhq.com/[PING_TOKEN]`.","description_kind":"plain","optional":true,"computed":true}},"description_kind":"plain"},"min_items":1,"max_items":1},"trigger_incident":{"nesting_mode":"set","block":{"attributes":{"description":{"type":"string","description":"A detailed description of the incident.","description_kind":"plain","required":true},"name":{"type":"string","description":"The name of the incident.","description_kind":"plain","required":true},"notify_subscribers":{"type":"bool","description":"Whether to notify subscribers when the incident is triggered.","description_kind":"plain","required":true},"service_id":{"type":"string","description":"The status page service that this incident will be associated with.","description_kind":"plain","required":true},"severity":{"type":"string","description":"The severity level of the incident. Possible values are `MINOR`, `MEDIUM`, `MAJOR`, and `CRITICAL`.","description_kind":"plain","required":true}},"description":"Create and resolve an incident based on the alert configuration. Useful for status page automation.","description_kind":"plain"},"max_items":1}},"description":"The `checkly_heartbeat` resource has been renamed to `checkly_heartbeat_monitor` to better reflect its position in the Checkly product lineup.\n\nThe old resource type will not be deprecated until the Checkly provider is updated to the Terraform Plugin Framework, which makes it possible to easily move resources between resource types.\n\nWe recommend using the `checkly_heartbeat_monitor` resource type for any new resources.","description_kind":"plain"}},"checkly_heartbeat_monitor":{"version":0,"block":{"attributes":{"activated":{"type":"bool","description":"Determines if the check is running or not. Possible values `true`, and `false`.","description_kind":"plain","required":true},"description":{"type":"string","description":"A description of the monitor.","description_kind":"plain","optional":true},"id":{"type":"string","description_kind":"plain","optional":true,"computed":true},"muted":{"type":"bool","description":"Determines if any notifications will be sent out when a check fails/degrades/recovers.","description_kind":"plain","optional":true},"name":{"type":"string","description":"The name of the check.","description_kind":"plain","required":true},"tags":{"type":["set","string"],"description":"A list of tags for organizing and filtering checks.","description_kind":"plain","optional":true},"use_global_alert_settings":{"type":"bool","description":"When true, the account level alert settings will be used, not the alert setting defined on this check.","description_kind":"plain","optional":true}},"block_types":{"alert_channel_subscription":{"nesting_mode":"set","block":{"attributes":{"activated":{"type":"bool","description":"Whether an alert should be sent to this channel.","description_kind":"plain","required":true},"channel_id":{"type":"number","description":"The ID of the alert channel.","description_kind":"plain","required":true}},"description":"An array of channel IDs and whether they're activated or not. If you don't set at least one alert channel subscription for your monitor, we won't be able to alert you even if it starts failing.","description_kind":"plain"}},"alert_settings":{"nesting_mode":"list","block":{"attributes":{"escalation_type":{"type":"string","description":"Determines the type of escalation to use. Possible values are `RUN_BASED` and `TIME_BASED`. (Default `RUN_BASED`).","description_kind":"plain","optional":true}},"block_types":{"parallel_run_failure_threshold":{"nesting_mode":"list","block":{"attributes":{"enabled":{"type":"bool","description":"Whether parallel run failure threshold is enabled. Only applies if the monitor is scheduled for multiple locations in parallel. (Default `false`).","description_kind":"plain","optional":true},"percentage":{"type":"number","description":"Percentage of runs that must fail to trigger alert. Possible values are `10`, `20`, `30`, `40`, `50`, `60`, `70`, `80`, `90`, and `100`. (Default `10`).","description_kind":"plain","optional":true}},"description":"Configuration for parallel run failure threshold.","description_kind":"plain"}},"reminders":{"nesting_mode":"list","block":{"attributes":{"amount":{"type":"number","description":"Number of reminder notifications to send. Possible values are `0`, `1`, `2`, `3`, `4`, `5`, and `100000` (`0` to disable, `100000` for unlimited). (Default `0`).","description_kind":"plain","optional":true},"interval":{"type":"number","description":"Interval between reminder notifications in minutes. Possible values are `5`, `10`, `15`, and `30`. (Default `5`).","description_kind":"plain","optional":true}},"description":"Defines how often to send reminder notifications after initial alert.","description_kind":"plain"}},"run_based_escalation":{"nesting_mode":"list","block":{"attributes":{"failed_run_threshold":{"type":"number","description":"Send an alert notification after the given number of consecutive monitor runs have failed. Possible values are between `1` and `5`. (Default `1`).","description_kind":"plain","optional":true}},"description":"Configuration for run-based escalation.","description_kind":"plain"}},"ssl_certificates":{"nesting_mode":"set","block":{"attributes":{"alert_threshold":{"type":"number","description":"No longer available.","description_kind":"plain","optional":true},"enabled":{"type":"bool","description":"No longer available.","description_kind":"plain","optional":true}},"description_kind":"plain","deprecated":true}},"time_based_escalation":{"nesting_mode":"list","block":{"attributes":{"minutes_failing_threshold":{"type":"number","description":"Send an alert notification after the monitor has been failing for the given amount of time (in minutes). Possible values are `5`, `10`, `15`, and `30`. (Default `5`).","description_kind":"plain","optional":true}},"description":"Configuration for time-based escalation.","description_kind":"plain"}}},"description":"Determines the alert escalation policy for the monitor.","description_kind":"plain"},"max_items":1},"heartbeat":{"nesting_mode":"set","block":{"attributes":{"grace":{"type":"number","description":"How long Checkly should wait before triggering any alerts when a ping does not arrive within the set period.","description_kind":"plain","required":true},"grace_unit":{"type":"string","description":"Possible values `seconds`, `minutes`, `hours` and `days`.","description_kind":"plain","required":true},"period":{"type":"number","description":"How often you expect a ping to the ping URL.","description_kind":"plain","required":true},"period_unit":{"type":"string","description":"Possible values `seconds`, `minutes`, `hours` and `days`.","description_kind":"plain","required":true},"ping_token":{"type":"string","description":"Custom token to generate your ping URL. Checkly will expect a ping to `https://ping.checklyhq.com/[PING_TOKEN]`.","description_kind":"plain","optional":true,"computed":true}},"description_kind":"plain"},"min_items":1,"max_items":1},"trigger_incident":{"nesting_mode":"set","block":{"attributes":{"description":{"type":"string","description":"A detailed description of the incident.","description_kind":"plain","required":true},"name":{"type":"string","description":"The name of the incident.","description_kind":"plain","required":true},"notify_subscribers":{"type":"bool","description":"Whether to notify subscribers when the incident is triggered.","description_kind":"plain","required":true},"service_id":{"type":"string","description":"The status page service that this incident will be associated with.","description_kind":"plain","required":true},"severity":{"type":"string","description":"The severity level of the incident. Possible values are `MINOR`, `MEDIUM`, `MAJOR`, and `CRITICAL`.","description_kind":"plain","required":true}},"description":"Create and resolve an incident based on the alert configuration. Useful for status page automation.","description_kind":"plain"},"max_items":1}},"description":"Heartbeats allows you to monitor your cron jobs and set up alerting, so you get a notification when things break or slow down.","description_kind":"plain"}},"checkly_icmp_monitor":{"version":0,"block":{"attributes":{"activated":{"type":"bool","description":"Determines whether the monitor will run periodically or not after being deployed.","description_kind":"plain","required":true},"degraded_packet_loss_threshold":{"type":"number","description":"The packet loss percentage where the monitor should be considered degraded. Possible values are between `0` and `100`. (Default `10`).","description_kind":"plain","optional":true},"description":{"type":"string","description":"A description of the monitor.","description_kind":"plain","optional":true},"frequency":{"type":"number","description":"Controls how often the monitor should run. Defined in minutes. The allowed values are `0` (high frequency - use `frequency_offset` to define the actual frequency), `1` (1 minute), `2` (2 minutes), `5` (5 minutes), `10` (10 minutes), `15` (15 minutes), `30` (30 minutes), `60` (1 hour), `120` (2 hours), `180` (3 hours), `360` (6 hours), `720` (12 hours) and `1440` (24 hours).","description_kind":"plain","required":true},"frequency_offset":{"type":"number","description":"When `frequency` is `0` (high frequency), `frequency_offset` is required and it alone controls how often the monitor should run. Defined in seconds. The allowed values are `0` (disabled - use `frequency` to define the actual frequency), `10` (10 seconds), `20` (20 seconds) and `30` (30 seconds).","description_kind":"plain","optional":true},"group_id":{"type":"number","description":"The ID of the check group that this monitor is part of.","description_kind":"plain","optional":true},"group_order":{"type":"number","description":"The position of the monitor in the check group. It determines in what order checks and monitors are run when a group is triggered from the API or from CI/CD.","description_kind":"plain","optional":true},"id":{"type":"string","description_kind":"plain","optional":true,"computed":true},"locations":{"type":["set","string"],"description":"An array of one or more data center locations where to run this monitor.","description_kind":"plain","optional":true},"max_packet_loss_threshold":{"type":"number","description":"The packet loss percentage where the monitor should be considered failing. Possible values are between `0` and `100`. (Default `20`).","description_kind":"plain","optional":true},"muted":{"type":"bool","description":"Determines if any notifications will be sent out when the monitor fails and/or recovers. (Default `false`).","description_kind":"plain","optional":true},"name":{"type":"string","description":"The name of the monitor.","description_kind":"plain","required":true},"run_parallel":{"type":"bool","description":"Determines whether the monitor should run on all selected locations in parallel or round-robin. (Default `false`).","description_kind":"plain","optional":true},"tags":{"type":["set","string"],"description":"A list of tags for organizing and filtering checks and monitors.","description_kind":"plain","optional":true},"use_global_alert_settings":{"type":"bool","description":"When true, the account level alert settings will be used, not the alert setting defined on this monitor. (Default `true`).","description_kind":"plain","optional":true}},"block_types":{"alert_channel_subscription":{"nesting_mode":"set","block":{"attributes":{"activated":{"type":"bool","description":"Whether an alert should be sent to this channel.","description_kind":"plain","required":true},"channel_id":{"type":"number","description":"The ID of the alert channel.","description_kind":"plain","required":true}},"description":"An array of channel IDs and whether they're activated or not. If you don't set at least one alert channel subscription for your monitor, we won't be able to alert you even if it starts failing.","description_kind":"plain"}},"alert_settings":{"nesting_mode":"list","block":{"attributes":{"escalation_type":{"type":"string","description":"Determines the type of escalation to use. Possible values are `RUN_BASED` and `TIME_BASED`. (Default `RUN_BASED`).","description_kind":"plain","optional":true}},"block_types":{"parallel_run_failure_threshold":{"nesting_mode":"list","block":{"attributes":{"enabled":{"type":"bool","description":"Whether parallel run failure threshold is enabled. Only applies if the monitor is scheduled for multiple locations in parallel. (Default `false`).","description_kind":"plain","optional":true},"percentage":{"type":"number","description":"Percentage of runs that must fail to trigger alert. Possible values are `10`, `20`, `30`, `40`, `50`, `60`, `70`, `80`, `90`, and `100`. (Default `10`).","description_kind":"plain","optional":true}},"description":"Configuration for parallel run failure threshold.","description_kind":"plain"}},"reminders":{"nesting_mode":"list","block":{"attributes":{"amount":{"type":"number","description":"Number of reminder notifications to send. Possible values are `0`, `1`, `2`, `3`, `4`, `5`, and `100000` (`0` to disable, `100000` for unlimited). (Default `0`).","description_kind":"plain","optional":true},"interval":{"type":"number","description":"Interval between reminder notifications in minutes. Possible values are `5`, `10`, `15`, and `30`. (Default `5`).","description_kind":"plain","optional":true}},"description":"Defines how often to send reminder notifications after initial alert.","description_kind":"plain"}},"run_based_escalation":{"nesting_mode":"list","block":{"attributes":{"failed_run_threshold":{"type":"number","description":"Send an alert notification after the given number of consecutive monitor runs have failed. Possible values are between `1` and `5`. (Default `1`).","description_kind":"plain","optional":true}},"description":"Configuration for run-based escalation.","description_kind":"plain"}},"time_based_escalation":{"nesting_mode":"list","block":{"attributes":{"minutes_failing_threshold":{"type":"number","description":"Send an alert notification after the monitor has been failing for the given amount of time (in minutes). Possible values are `5`, `10`, `15`, and `30`. (Default `5`).","description_kind":"plain","optional":true}},"description":"Configuration for time-based escalation.","description_kind":"plain"}}},"description":"Determines the alert escalation policy for the monitor.","description_kind":"plain"},"max_items":1},"request":{"nesting_mode":"list","block":{"attributes":{"hostname":{"type":"string","description":"The hostname to ping.","description_kind":"plain","required":true},"ip_family":{"type":"string","description":"The IP family to use. Possible values are `IPv4` and `IPv6`. (Default `IPv4`).","description_kind":"plain","optional":true},"ping_count":{"type":"number","description":"The number of ping packets to send. (Default `10`).","description_kind":"plain","optional":true}},"block_types":{"assertion":{"nesting_mode":"set","block":{"attributes":{"comparison":{"type":"string","description":"The type of comparison to be executed between expected and actual value of the assertion. Possible values are `EQUALS`, `NOT_EQUALS`, `GREATER_THAN` and `LESS_THAN`.","description_kind":"plain","required":true},"property":{"type":"string","description":"The property of the source to assert. For `LATENCY` source, possible values are `avg`, `min`, `max` and `stdDev`.","description_kind":"plain","optional":true},"source":{"type":"string","description":"The source of the asserted value. Possible values are `LATENCY` and `JSON_RESPONSE`.","description_kind":"plain","required":true},"target":{"type":"string","description":"The target value for the assertion.","description_kind":"plain","required":true}},"description":"Assertions to validate the ICMP response.","description_kind":"plain"}}},"description":"The parameters of the ICMP request.","description_kind":"plain"},"min_items":1,"max_items":1},"retry_strategy":{"nesting_mode":"list","block":{"attributes":{"base_backoff_seconds":{"type":"number","description":"The number of seconds to wait before the first retry attempt. (Default `60`).","description_kind":"plain","optional":true},"max_duration_seconds":{"type":"number","description":"The total amount of time to continue retrying the check/monitor (maximum 600 seconds). Available when `type` is `FIXED`, `LINEAR`, or `EXPONENTIAL`. (Default `600`).","description_kind":"plain","optional":true},"max_retries":{"type":"number","description":"The maximum number of times to retry the check/monitor. Value must be between `1` and `10`. Available when `type` is `FIXED`, `LINEAR`, or `EXPONENTIAL`. (Default `2`).","description_kind":"plain","optional":true},"same_region":{"type":"bool","description":"Whether retries should be run in the same region as the initial check/monitor run. (Default `true`).","description_kind":"plain","optional":true},"type":{"type":"string","description":"Determines which type of retry strategy to use. Possible values are `FIXED`, `LINEAR`, `EXPONENTIAL`, `SINGLE_RETRY`, and `NO_RETRIES`.","description_kind":"plain","required":true}},"block_types":{"only_on":{"nesting_mode":"list","block":{"description":"Apply the retry strategy only if the defined conditions match.","description_kind":"plain"},"max_items":1}},"description":"A strategy for retrying failed check/monitor runs.","description_kind":"plain"},"max_items":1},"trigger_incident":{"nesting_mode":"set","block":{"attributes":{"description":{"type":"string","description":"A detailed description of the incident.","description_kind":"plain","required":true},"name":{"type":"string","description":"The name of the incident.","description_kind":"plain","required":true},"notify_subscribers":{"type":"bool","description":"Whether to notify subscribers when the incident is triggered.","description_kind":"plain","required":true},"service_id":{"type":"string","description":"The status page service that this incident will be associated with.","description_kind":"plain","required":true},"severity":{"type":"string","description":"The severity level of the incident. Possible values are `MINOR`, `MEDIUM`, `MAJOR`, and `CRITICAL`.","description_kind":"plain","required":true}},"description":"Create and resolve an incident based on the alert configuration. Useful for status page automation.","description_kind":"plain"},"max_items":1}},"description":"Creates an ICMP Monitor to check host availability using ping.","description_kind":"plain"}},"checkly_maintenance_windows":{"version":0,"block":{"attributes":{"ends_at":{"type":"string","description":"The end date of the maintenance window.","description_kind":"plain","required":true},"id":{"type":"string","description_kind":"plain","optional":true,"computed":true},"name":{"type":"string","description":"The maintenance window name.","description_kind":"plain","required":true},"repeat_ends_at":{"type":"string","description":"The date on which the maintenance window should stop repeating.","description_kind":"plain","optional":true},"repeat_interval":{"type":"number","description":"The repeat interval of the maintenance window from the first occurrence.","description_kind":"plain","optional":true},"repeat_unit":{"type":"string","description":"The repeat cadence for the maintenance window. Possible values `DAY`, `WEEK` and `MONTH`.","description_kind":"plain","optional":true},"starts_at":{"type":"string","description":"The start date of the maintenance window.","description_kind":"plain","required":true},"tags":{"type":["set","string"],"description":"The names of the checks and groups maintenance window should apply to.","description_kind":"plain","optional":true}},"description_kind":"plain"}},"checkly_playwright_check_suite":{"version":0,"block":{"attributes":{"activated":{"type":"bool","description":"Determines whether the check will run periodically or not after being deployed.","description_kind":"plain","required":true},"description":{"type":"string","description":"A description of the check.","description_kind":"plain","optional":true},"frequency":{"type":"number","description":"Controls how often the check should run. Defined in minutes. The allowed values are `1` (1 minute), `2` (2 minutes), `5` (5 minutes), `10` (10 minutes), `15` (15 minutes), `30` (30 minutes), `60` (1 hour), `120` (2 hours), `180` (3 hours), `360` (6 hours), `720` (12 hours) and `1440` (24 hours).","description_kind":"plain","required":true},"group_id":{"type":"number","description":"The ID of the check group that this check is part of.","description_kind":"plain","optional":true},"group_order":{"type":"number","description":"The position of the check in the check group. It determines in what order checks and monitors are run when a group is triggered from the API or from CI/CD.","description_kind":"plain","optional":true},"id":{"type":"string","description_kind":"plain","optional":true,"computed":true},"locations":{"type":["set","string"],"description":"An array of one or more data center locations where to run the this check.","description_kind":"plain","optional":true},"muted":{"type":"bool","description":"Determines if any notifications will be sent out when the check fails and/or recovers. (Default `false`).","description_kind":"plain","optional":true},"name":{"type":"string","description":"The name of the check.","description_kind":"plain","required":true},"private_locations":{"type":["set","string"],"description":"An array of one or more private locations slugs.","description_kind":"plain","optional":true},"run_parallel":{"type":"bool","description":"Determines whether the check should run on all selected locations in parallel or round-robin. (Default `false`).","description_kind":"plain","optional":true},"tags":{"type":["set","string"],"description":"A list of tags for organizing and filtering checks and monitors.","description_kind":"plain","optional":true},"use_global_alert_settings":{"type":"bool","description":"When true, the account level alert settings will be used, not the alert setting defined on this check. (Default `true`).","description_kind":"plain","optional":true}},"block_types":{"alert_channel_subscription":{"nesting_mode":"set","block":{"attributes":{"activated":{"type":"bool","description":"Whether an alert should be sent to this channel.","description_kind":"plain","required":true},"channel_id":{"type":"number","description":"The ID of the alert channel.","description_kind":"plain","required":true}},"description":"An array of channel IDs and whether they're activated or not. If you don't set at least one alert channel subscription for your check, we won't be able to alert you even if it starts failing.","description_kind":"plain"}},"alert_settings":{"nesting_mode":"list","block":{"attributes":{"escalation_type":{"type":"string","description":"Determines the type of escalation to use. Possible values are `RUN_BASED` and `TIME_BASED`. (Default `RUN_BASED`).","description_kind":"plain","optional":true}},"block_types":{"parallel_run_failure_threshold":{"nesting_mode":"list","block":{"attributes":{"enabled":{"type":"bool","description":"Whether parallel run failure threshold is enabled. Only applies if the check is scheduled for multiple locations in parallel. (Default `false`).","description_kind":"plain","optional":true},"percentage":{"type":"number","description":"Percentage of runs that must fail to trigger alert. Possible values are `10`, `20`, `30`, `40`, `50`, `60`, `70`, `80`, `90`, and `100`. (Default `10`).","description_kind":"plain","optional":true}},"description":"Configuration for parallel run failure threshold.","description_kind":"plain"}},"reminders":{"nesting_mode":"list","block":{"attributes":{"amount":{"type":"number","description":"Number of reminder notifications to send. Possible values are `0`, `1`, `2`, `3`, `4`, `5`, and `100000` (`0` to disable, `100000` for unlimited). (Default `0`).","description_kind":"plain","optional":true},"interval":{"type":"number","description":"Interval between reminder notifications in minutes. Possible values are `5`, `10`, `15`, and `30`. (Default `5`).","description_kind":"plain","optional":true}},"description":"Defines how often to send reminder notifications after initial alert.","description_kind":"plain"}},"run_based_escalation":{"nesting_mode":"list","block":{"attributes":{"failed_run_threshold":{"type":"number","description":"Send an alert notification after the given number of consecutive check runs have failed. Possible values are between `1` and `5`. (Default `1`).","description_kind":"plain","optional":true}},"description":"Configuration for run-based escalation.","description_kind":"plain"}},"time_based_escalation":{"nesting_mode":"list","block":{"attributes":{"minutes_failing_threshold":{"type":"number","description":"Send an alert notification after the check has been failing for the given amount of time (in minutes). Possible values are `5`, `10`, `15`, and `30`. (Default `5`).","description_kind":"plain","optional":true}},"description":"Configuration for time-based escalation.","description_kind":"plain"}}},"description":"Determines the alert escalation policy for the check.","description_kind":"plain"},"max_items":1},"bundle":{"nesting_mode":"list","block":{"attributes":{"id":{"type":"string","description":"The ID of the code bundle.","description_kind":"plain","required":true},"metadata":{"type":"string","description":"The generated metadata of the code bundle.","description_kind":"plain","required":true}},"description":"Attaches a code bundle to the check.","description_kind":"plain"},"min_items":1,"max_items":1},"environment_variable":{"nesting_mode":"list","block":{"attributes":{"key":{"type":"string","description":"The name of the environment variable or secret.","description_kind":"plain","required":true},"locked":{"type":"bool","description":"If true, the value is not shown by default, but it can be accessed. (Default `false`).","description_kind":"plain","optional":true},"secret":{"type":"bool","description":"If true, the value will never be visible. (Default `false`).","description_kind":"plain","optional":true},"value":{"type":"string","description":"The value of the environment variable or secret.","description_kind":"plain","required":true}},"description":"Insert environment variables into the execution environment.","description_kind":"plain"}},"runtime":{"nesting_mode":"list","block":{"attributes":{"auto_detect":{"type":"bool","description":"Whether to automatically detect appropriate runtime environment configuration from the bundle. (Default `true`).","description_kind":"plain","optional":true},"working_dir":{"type":"string","description":"The working directory in which runtime commands are executed. This is useful for monorepos or workspaces where the Playwright project is in a subdirectory. Use \".\" to explicitly specify the root.","description_kind":"plain","optional":true,"computed":true}},"block_types":{"playwright":{"nesting_mode":"list","block":{"attributes":{"version":{"type":"string","description":"The Playwright version to use. Defaults to the version detected from the code bundle's lockfile.","description_kind":"plain","optional":true,"computed":true}},"block_types":{"device":{"nesting_mode":"set","block":{"attributes":{"type":{"type":"string","description":"The type of the device.","description_kind":"plain","required":true}},"description":"The list of devices that should be made available for Playwright. Defaults to chromium, firefox, and webkit.","description_kind":"plain"}}},"description":"Configure the Playwright capabilities that should be made available to the runtime environment.","description_kind":"plain"},"max_items":1},"steps":{"nesting_mode":"list","block":{"block_types":{"install":{"nesting_mode":"list","block":{"attributes":{"command":{"type":"string","description":"The command used to install dependencies prior to running Playwright. The default value is the appropriate install command for your package manager (e.g. `npm install` for `npm`).","description_kind":"plain","optional":true}},"description":"Customize the install step, which is used to initialize the environment prior to starting the test run.","description_kind":"plain"},"max_items":1},"test":{"nesting_mode":"list","block":{"attributes":{"command":{"type":"string","description":"The command used to run Playwright. The default value is the appropriate exec command for your package manager (e.g. `npx playwright test` for `npm`).","description_kind":"plain","optional":true,"computed":true}},"description":"Customize the test step.","description_kind":"plain"},"max_items":1}},"description":"Customize the actions taken during test execution.","description_kind":"plain"},"max_items":1}},"description":"Configure the runtime environment of the Playwright check.","description_kind":"plain"},"max_items":1},"trigger_incident":{"nesting_mode":"set","block":{"attributes":{"description":{"type":"string","description":"A detailed description of the incident.","description_kind":"plain","required":true},"name":{"type":"string","description":"The name of the incident.","description_kind":"plain","required":true},"notify_subscribers":{"type":"bool","description":"Whether to notify subscribers when the incident is triggered.","description_kind":"plain","required":true},"service_id":{"type":"string","description":"The status page service that this incident will be associated with.","description_kind":"plain","required":true},"severity":{"type":"string","description":"The severity level of the incident. Possible values are `MINOR`, `MEDIUM`, `MAJOR`, and `CRITICAL`.","description_kind":"plain","required":true}},"description":"Create and resolve an incident based on the alert configuration. Useful for status page automation.","description_kind":"plain"},"max_items":1}},"description":"Creates a Playwright check from a code bundle.","description_kind":"plain"}},"checkly_playwright_code_bundle":{"version":0,"block":{"attributes":{"id":{"type":"string","description_kind":"plain","optional":true,"computed":true},"metadata":{"type":"string","description":"An opaque blob of generated metadata. The value is not intended to be user-consumable and should be passed as-is to a Playwright check resource.","description_kind":"plain","computed":true}},"block_types":{"prebuilt_archive":{"nesting_mode":"list","block":{"attributes":{"file":{"type":"string","description":"Path to the archive file.","description_kind":"plain","required":true}},"description":"A prebuilt archive containing the code bundle.","description_kind":"plain"},"min_items":1,"max_items":1}},"description":"A managed code bundle which can be used in Playwright Check Suite resources.","description_kind":"plain"}},"checkly_private_location":{"version":0,"block":{"attributes":{"icon":{"type":"string","description":"Icon assigned to the private location.","description_kind":"plain","optional":true},"id":{"type":"string","description_kind":"plain","optional":true,"computed":true},"keys":{"type":["set","string"],"description":"Private location API keys.","description_kind":"plain","computed":true,"sensitive":true},"name":{"type":"string","description":"The private location name.","description_kind":"plain","required":true},"slug_name":{"type":"string","description":"Valid slug name.","description_kind":"plain","required":true}},"description_kind":"plain"}},"checkly_snippet":{"version":0,"block":{"attributes":{"id":{"type":"string","description_kind":"plain","optional":true,"computed":true},"name":{"type":"string","description":"The name of the snippet","description_kind":"plain","required":true},"script":{"type":"string","description":"Your Node.js code that interacts with the API check lifecycle, or functions as a partial for browser checks.","description_kind":"plain","required":true}},"description_kind":"plain"}},"checkly_status_page":{"version":0,"block":{"attributes":{"custom_domain":{"type":"string","description":"A custom user domain, e.g. \"status.example.com\". See the docs on updating your DNS and SSL usage.","description_kind":"plain","optional":true},"default_theme":{"type":"string","description":"Possible values are `AUTO`, `DARK`, and `LIGHT`. (Default `AUTO`).","description_kind":"plain","optional":true},"favicon":{"type":"string","description":"A URL to an image file to use as the favicon of the status page.","description_kind":"plain","optional":true},"id":{"type":"string","description_kind":"plain","optional":true,"computed":true},"logo":{"type":"string","description":"A URL to an image file to use as the logo for the status page.","description_kind":"plain","optional":true},"name":{"type":"string","description":"The name of the status page.","description_kind":"plain","required":true},"redirect_to":{"type":"string","description":"The URL the user should be redirected to when clicking the logo.","description_kind":"plain","optional":true},"url":{"type":"string","description":"The URL of the status page.","description_kind":"plain","required":true}},"block_types":{"card":{"nesting_mode":"list","block":{"attributes":{"name":{"type":"string","description":"The name of the card.","description_kind":"plain","required":true}},"block_types":{"service_attachment":{"nesting_mode":"list","block":{"attributes":{"service_id":{"type":"string","description":"The ID of the service.","description_kind":"plain","required":true}},"description":"A list of services to attach to the card.","description_kind":"plain"},"min_items":1}},"description":"A list of cards to include on the status page.","description_kind":"plain"},"min_items":1}},"description":"Checkly status pages allow you to easily communicate the uptime and health of your applications and services to your customers.","description_kind":"plain"}},"checkly_status_page_service":{"version":0,"block":{"attributes":{"id":{"type":"string","description_kind":"plain","optional":true,"computed":true},"name":{"type":"string","description":"The name of the service.","description_kind":"plain","required":true}},"description":"Status page services represent functional pieces of your application or website, such as landing page, API, support portal etc.","description_kind":"plain"}},"checkly_tcp_check":{"version":0,"block":{"attributes":{"activated":{"type":"bool","description":"Determines if the check is running or not. Possible values `true`, and `false`.","description_kind":"plain","required":true},"degraded_response_time":{"type":"number","description":"The response time in milliseconds starting from which a check should be considered degraded. Possible values are between 0 and 5000. (Default `4000`).","description_kind":"plain","optional":true},"description":{"type":"string","description":"A description of the monitor.","description_kind":"plain","optional":true},"frequency":{"type":"number","description":"Controls how often the monitor should run. Defined in minutes. The allowed values are `0` (high frequency - use `frequency_offset` to define the actual frequency), `1` (1 minute), `2` (2 minutes), `5` (5 minutes), `10` (10 minutes), `15` (15 minutes), `30` (30 minutes), `60` (1 hour), `120` (2 hours), `180` (3 hours), `360` (6 hours), `720` (12 hours) and `1440` (24 hours).","description_kind":"plain","required":true},"frequency_offset":{"type":"number","description":"When `frequency` is `0` (high frequency), `frequency_offset` is required and it alone controls how often the monitor should run. Defined in seconds. The allowed values are `0` (disabled - use `frequency` to define the actual frequency), `10` (10 seconds), `20` (20 seconds) and `30` (30 seconds).","description_kind":"plain","optional":true},"group_id":{"type":"number","description":"The id of the check group this check is part of.","description_kind":"plain","optional":true},"group_order":{"type":"number","description":"The position of this check in a check group. It determines in what order checks are run when a group is triggered from the API or from CI/CD.","description_kind":"plain","optional":true},"id":{"type":"string","description_kind":"plain","optional":true,"computed":true},"locations":{"type":["set","string"],"description":"An array of one or more data center locations where to run the this check. (Default [\"us-east-1\"])","description_kind":"plain","optional":true},"max_response_time":{"type":"number","description":"The response time in milliseconds starting from which a check should be considered failing. Possible values are between 0 and 5000. (Default `5000`).","description_kind":"plain","optional":true},"muted":{"type":"bool","description":"Determines if any notifications will be sent out when a check fails/degrades/recovers.","description_kind":"plain","optional":true},"name":{"type":"string","description":"The name of the check.","description_kind":"plain","required":true},"private_locations":{"type":["set","string"],"description":"An array of one or more private locations slugs.","description_kind":"plain","optional":true},"run_parallel":{"type":"bool","description":"Determines if the check should run in all selected locations in parallel or round-robin.","description_kind":"plain","optional":true},"runtime_id":{"type":"string","description":"The ID of the runtime to use for this check.","description_kind":"plain","optional":true},"should_fail":{"type":"bool","description":"Allows to invert the behaviour of when a check is considered to fail.","description_kind":"plain","optional":true},"tags":{"type":["set","string"],"description":"A list of tags for organizing and filtering checks.","description_kind":"plain","optional":true},"use_global_alert_settings":{"type":"bool","description":"When true, the account level alert settings will be used, not the alert setting defined on this check.","description_kind":"plain","optional":true}},"block_types":{"alert_channel_subscription":{"nesting_mode":"set","block":{"attributes":{"activated":{"type":"bool","description":"Whether an alert should be sent to this channel.","description_kind":"plain","required":true},"channel_id":{"type":"number","description":"The ID of the alert channel.","description_kind":"plain","required":true}},"description":"An array of channel IDs and whether they're activated or not. If you don't set at least one alert channel subscription for your monitor, we won't be able to alert you even if it starts failing.","description_kind":"plain"}},"alert_settings":{"nesting_mode":"list","block":{"attributes":{"escalation_type":{"type":"string","description":"Determines the type of escalation to use. Possible values are `RUN_BASED` and `TIME_BASED`. (Default `RUN_BASED`).","description_kind":"plain","optional":true}},"block_types":{"parallel_run_failure_threshold":{"nesting_mode":"list","block":{"attributes":{"enabled":{"type":"bool","description":"Whether parallel run failure threshold is enabled. Only applies if the monitor is scheduled for multiple locations in parallel. (Default `false`).","description_kind":"plain","optional":true},"percentage":{"type":"number","description":"Percentage of runs that must fail to trigger alert. Possible values are `10`, `20`, `30`, `40`, `50`, `60`, `70`, `80`, `90`, and `100`. (Default `10`).","description_kind":"plain","optional":true}},"description":"Configuration for parallel run failure threshold.","description_kind":"plain"}},"reminders":{"nesting_mode":"list","block":{"attributes":{"amount":{"type":"number","description":"Number of reminder notifications to send. Possible values are `0`, `1`, `2`, `3`, `4`, `5`, and `100000` (`0` to disable, `100000` for unlimited). (Default `0`).","description_kind":"plain","optional":true},"interval":{"type":"number","description":"Interval between reminder notifications in minutes. Possible values are `5`, `10`, `15`, and `30`. (Default `5`).","description_kind":"plain","optional":true}},"description":"Defines how often to send reminder notifications after initial alert.","description_kind":"plain"}},"run_based_escalation":{"nesting_mode":"list","block":{"attributes":{"failed_run_threshold":{"type":"number","description":"Send an alert notification after the given number of consecutive monitor runs have failed. Possible values are between `1` and `5`. (Default `1`).","description_kind":"plain","optional":true}},"description":"Configuration for run-based escalation.","description_kind":"plain"}},"time_based_escalation":{"nesting_mode":"list","block":{"attributes":{"minutes_failing_threshold":{"type":"number","description":"Send an alert notification after the monitor has been failing for the given amount of time (in minutes). Possible values are `5`, `10`, `15`, and `30`. (Default `5`).","description_kind":"plain","optional":true}},"description":"Configuration for time-based escalation.","description_kind":"plain"}}},"description":"Determines the alert escalation policy for the monitor.","description_kind":"plain"},"max_items":1},"request":{"nesting_mode":"set","block":{"attributes":{"data":{"type":"string","description":"The data to send to the target host.","description_kind":"plain","optional":true},"hostname":{"type":"string","description":"The hostname or IP to connect to. Do not include a scheme or a port in this value.","description_kind":"plain","required":true},"ip_family":{"type":"string","description":"The IP family to use when executing the TCP check. The value can be either `IPv4` or `IPv6`.","description_kind":"plain","optional":true},"port":{"type":"number","description":"The port number to connect to.","description_kind":"plain","required":true}},"block_types":{"assertion":{"nesting_mode":"set","block":{"attributes":{"comparison":{"type":"string","description":"The type of comparison to be executed between expected and actual value of the assertion. Possible values are `EQUALS`, `NOT_EQUALS`, `HAS_KEY`, `NOT_HAS_KEY`, `HAS_VALUE`, `NOT_HAS_VALUE`, `IS_EMPTY`, `NOT_EMPTY`, `GREATER_THAN`, `LESS_THAN`, `CONTAINS`, `NOT_CONTAINS`, `IS_NULL`, and `NOT_NULL`.","description_kind":"plain","required":true},"property":{"type":"string","description_kind":"plain","optional":true},"source":{"type":"string","description":"The source of the asserted value. Possible values are `RESPONSE_DATA` and `RESPONSE_TIME`.","description_kind":"plain","required":true},"target":{"type":"string","description_kind":"plain","optional":true}},"description":"A request can have multiple assertions.","description_kind":"plain"}}},"description":"The parameters for the TCP connection.","description_kind":"plain"},"min_items":1,"max_items":1},"retry_strategy":{"nesting_mode":"list","block":{"attributes":{"base_backoff_seconds":{"type":"number","description":"The number of seconds to wait before the first retry attempt. (Default `60`).","description_kind":"plain","optional":true},"max_duration_seconds":{"type":"number","description":"The total amount of time to continue retrying the check/monitor (maximum 600 seconds). Available when `type` is `FIXED`, `LINEAR`, or `EXPONENTIAL`. (Default `600`).","description_kind":"plain","optional":true},"max_retries":{"type":"number","description":"The maximum number of times to retry the check/monitor. Value must be between `1` and `10`. Available when `type` is `FIXED`, `LINEAR`, or `EXPONENTIAL`. (Default `2`).","description_kind":"plain","optional":true},"same_region":{"type":"bool","description":"Whether retries should be run in the same region as the initial check/monitor run. (Default `true`).","description_kind":"plain","optional":true},"type":{"type":"string","description":"Determines which type of retry strategy to use. Possible values are `FIXED`, `LINEAR`, `EXPONENTIAL`, `SINGLE_RETRY`, and `NO_RETRIES`.","description_kind":"plain","required":true}},"block_types":{"only_on":{"nesting_mode":"list","block":{"description":"Apply the retry strategy only if the defined conditions match.","description_kind":"plain"},"max_items":1}},"description":"A strategy for retrying failed check/monitor runs.","description_kind":"plain"},"max_items":1},"trigger_incident":{"nesting_mode":"set","block":{"attributes":{"description":{"type":"string","description":"A detailed description of the incident.","description_kind":"plain","required":true},"name":{"type":"string","description":"The name of the incident.","description_kind":"plain","required":true},"notify_subscribers":{"type":"bool","description":"Whether to notify subscribers when the incident is triggered.","description_kind":"plain","required":true},"service_id":{"type":"string","description":"The status page service that this incident will be associated with.","description_kind":"plain","required":true},"severity":{"type":"string","description":"The severity level of the incident. Possible values are `MINOR`, `MEDIUM`, `MAJOR`, and `CRITICAL`.","description_kind":"plain","required":true}},"description":"Create and resolve an incident based on the alert configuration. Useful for status page automation.","description_kind":"plain"},"max_items":1}},"description":"The `checkly_tcp_check` resource has been renamed to `checkly_tcp_monitor` to better reflect its position in the Checkly product lineup.\n\nThe old resource type will not be deprecated until the Checkly provider is updated to the Terraform Plugin Framework, which makes it possible to easily move resources between resource types.\n\nWe recommend using the `checkly_tcp_monitor` resource type for any new resources.","description_kind":"plain"}},"checkly_tcp_monitor":{"version":0,"block":{"attributes":{"activated":{"type":"bool","description":"Determines if the check is running or not. Possible values `true`, and `false`.","description_kind":"plain","required":true},"degraded_response_time":{"type":"number","description":"The response time in milliseconds starting from which a check should be considered degraded. Possible values are between 0 and 5000. (Default `4000`).","description_kind":"plain","optional":true},"description":{"type":"string","description":"A description of the monitor.","description_kind":"plain","optional":true},"frequency":{"type":"number","description":"Controls how often the monitor should run. Defined in minutes. The allowed values are `0` (high frequency - use `frequency_offset` to define the actual frequency), `1` (1 minute), `2` (2 minutes), `5` (5 minutes), `10` (10 minutes), `15` (15 minutes), `30` (30 minutes), `60` (1 hour), `120` (2 hours), `180` (3 hours), `360` (6 hours), `720` (12 hours) and `1440` (24 hours).","description_kind":"plain","required":true},"frequency_offset":{"type":"number","description":"When `frequency` is `0` (high frequency), `frequency_offset` is required and it alone controls how often the monitor should run. Defined in seconds. The allowed values are `0` (disabled - use `frequency` to define the actual frequency), `10` (10 seconds), `20` (20 seconds) and `30` (30 seconds).","description_kind":"plain","optional":true},"group_id":{"type":"number","description":"The id of the check group this check is part of.","description_kind":"plain","optional":true},"group_order":{"type":"number","description":"The position of this check in a check group. It determines in what order checks are run when a group is triggered from the API or from CI/CD.","description_kind":"plain","optional":true},"id":{"type":"string","description_kind":"plain","optional":true,"computed":true},"locations":{"type":["set","string"],"description":"An array of one or more data center locations where to run the this check. (Default [\"us-east-1\"])","description_kind":"plain","optional":true},"max_response_time":{"type":"number","description":"The response time in milliseconds starting from which a check should be considered failing. Possible values are between 0 and 5000. (Default `5000`).","description_kind":"plain","optional":true},"muted":{"type":"bool","description":"Determines if any notifications will be sent out when a check fails/degrades/recovers.","description_kind":"plain","optional":true},"name":{"type":"string","description":"The name of the check.","description_kind":"plain","required":true},"private_locations":{"type":["set","string"],"description":"An array of one or more private locations slugs.","description_kind":"plain","optional":true},"run_parallel":{"type":"bool","description":"Determines if the check should run in all selected locations in parallel or round-robin.","description_kind":"plain","optional":true},"runtime_id":{"type":"string","description":"The ID of the runtime to use for this check.","description_kind":"plain","optional":true},"should_fail":{"type":"bool","description":"Allows to invert the behaviour of when a check is considered to fail.","description_kind":"plain","optional":true},"tags":{"type":["set","string"],"description":"A list of tags for organizing and filtering checks.","description_kind":"plain","optional":true},"use_global_alert_settings":{"type":"bool","description":"When true, the account level alert settings will be used, not the alert setting defined on this check.","description_kind":"plain","optional":true}},"block_types":{"alert_channel_subscription":{"nesting_mode":"set","block":{"attributes":{"activated":{"type":"bool","description":"Whether an alert should be sent to this channel.","description_kind":"plain","required":true},"channel_id":{"type":"number","description":"The ID of the alert channel.","description_kind":"plain","required":true}},"description":"An array of channel IDs and whether they're activated or not. If you don't set at least one alert channel subscription for your monitor, we won't be able to alert you even if it starts failing.","description_kind":"plain"}},"alert_settings":{"nesting_mode":"list","block":{"attributes":{"escalation_type":{"type":"string","description":"Determines the type of escalation to use. Possible values are `RUN_BASED` and `TIME_BASED`. (Default `RUN_BASED`).","description_kind":"plain","optional":true}},"block_types":{"parallel_run_failure_threshold":{"nesting_mode":"list","block":{"attributes":{"enabled":{"type":"bool","description":"Whether parallel run failure threshold is enabled. Only applies if the monitor is scheduled for multiple locations in parallel. (Default `false`).","description_kind":"plain","optional":true},"percentage":{"type":"number","description":"Percentage of runs that must fail to trigger alert. Possible values are `10`, `20`, `30`, `40`, `50`, `60`, `70`, `80`, `90`, and `100`. (Default `10`).","description_kind":"plain","optional":true}},"description":"Configuration for parallel run failure threshold.","description_kind":"plain"}},"reminders":{"nesting_mode":"list","block":{"attributes":{"amount":{"type":"number","description":"Number of reminder notifications to send. Possible values are `0`, `1`, `2`, `3`, `4`, `5`, and `100000` (`0` to disable, `100000` for unlimited). (Default `0`).","description_kind":"plain","optional":true},"interval":{"type":"number","description":"Interval between reminder notifications in minutes. Possible values are `5`, `10`, `15`, and `30`. (Default `5`).","description_kind":"plain","optional":true}},"description":"Defines how often to send reminder notifications after initial alert.","description_kind":"plain"}},"run_based_escalation":{"nesting_mode":"list","block":{"attributes":{"failed_run_threshold":{"type":"number","description":"Send an alert notification after the given number of consecutive monitor runs have failed. Possible values are between `1` and `5`. (Default `1`).","description_kind":"plain","optional":true}},"description":"Configuration for run-based escalation.","description_kind":"plain"}},"time_based_escalation":{"nesting_mode":"list","block":{"attributes":{"minutes_failing_threshold":{"type":"number","description":"Send an alert notification after the monitor has been failing for the given amount of time (in minutes). Possible values are `5`, `10`, `15`, and `30`. (Default `5`).","description_kind":"plain","optional":true}},"description":"Configuration for time-based escalation.","description_kind":"plain"}}},"description":"Determines the alert escalation policy for the monitor.","description_kind":"plain"},"max_items":1},"request":{"nesting_mode":"set","block":{"attributes":{"data":{"type":"string","description":"The data to send to the target host.","description_kind":"plain","optional":true},"hostname":{"type":"string","description":"The hostname or IP to connect to. Do not include a scheme or a port in this value.","description_kind":"plain","required":true},"ip_family":{"type":"string","description":"The IP family to use when executing the TCP check. The value can be either `IPv4` or `IPv6`.","description_kind":"plain","optional":true},"port":{"type":"number","description":"The port number to connect to.","description_kind":"plain","required":true}},"block_types":{"assertion":{"nesting_mode":"set","block":{"attributes":{"comparison":{"type":"string","description":"The type of comparison to be executed between expected and actual value of the assertion. Possible values are `EQUALS`, `NOT_EQUALS`, `HAS_KEY`, `NOT_HAS_KEY`, `HAS_VALUE`, `NOT_HAS_VALUE`, `IS_EMPTY`, `NOT_EMPTY`, `GREATER_THAN`, `LESS_THAN`, `CONTAINS`, `NOT_CONTAINS`, `IS_NULL`, and `NOT_NULL`.","description_kind":"plain","required":true},"property":{"type":"string","description_kind":"plain","optional":true},"source":{"type":"string","description":"The source of the asserted value. Possible values are `RESPONSE_DATA` and `RESPONSE_TIME`.","description_kind":"plain","required":true},"target":{"type":"string","description_kind":"plain","optional":true}},"description":"A request can have multiple assertions.","description_kind":"plain"}}},"description":"The parameters for the TCP connection.","description_kind":"plain"},"min_items":1,"max_items":1},"retry_strategy":{"nesting_mode":"list","block":{"attributes":{"base_backoff_seconds":{"type":"number","description":"The number of seconds to wait before the first retry attempt. (Default `60`).","description_kind":"plain","optional":true},"max_duration_seconds":{"type":"number","description":"The total amount of time to continue retrying the check/monitor (maximum 600 seconds). Available when `type` is `FIXED`, `LINEAR`, or `EXPONENTIAL`. (Default `600`).","description_kind":"plain","optional":true},"max_retries":{"type":"number","description":"The maximum number of times to retry the check/monitor. Value must be between `1` and `10`. Available when `type` is `FIXED`, `LINEAR`, or `EXPONENTIAL`. (Default `2`).","description_kind":"plain","optional":true},"same_region":{"type":"bool","description":"Whether retries should be run in the same region as the initial check/monitor run. (Default `true`).","description_kind":"plain","optional":true},"type":{"type":"string","description":"Determines which type of retry strategy to use. Possible values are `FIXED`, `LINEAR`, `EXPONENTIAL`, `SINGLE_RETRY`, and `NO_RETRIES`.","description_kind":"plain","required":true}},"block_types":{"only_on":{"nesting_mode":"list","block":{"description":"Apply the retry strategy only if the defined conditions match.","description_kind":"plain"},"max_items":1}},"description":"A strategy for retrying failed check/monitor runs.","description_kind":"plain"},"max_items":1},"trigger_incident":{"nesting_mode":"set","block":{"attributes":{"description":{"type":"string","description":"A detailed description of the incident.","description_kind":"plain","required":true},"name":{"type":"string","description":"The name of the incident.","description_kind":"plain","required":true},"notify_subscribers":{"type":"bool","description":"Whether to notify subscribers when the incident is triggered.","description_kind":"plain","required":true},"service_id":{"type":"string","description":"The status page service that this incident will be associated with.","description_kind":"plain","required":true},"severity":{"type":"string","description":"The severity level of the incident. Possible values are `MINOR`, `MEDIUM`, `MAJOR`, and `CRITICAL`.","description_kind":"plain","required":true}},"description":"Create and resolve an incident based on the alert configuration. Useful for status page automation.","description_kind":"plain"},"max_items":1}},"description":"TCP checks allow you to monitor remote endpoints at a lower level.","description_kind":"plain"}},"checkly_trigger_check":{"version":0,"block":{"attributes":{"check_id":{"type":"string","description":"The id of the check that you want to attach the trigger to.","description_kind":"plain","required":true},"id":{"type":"string","description_kind":"plain","optional":true,"computed":true},"token":{"type":"string","description":"The token value created to trigger the check","description_kind":"plain","optional":true,"computed":true},"url":{"type":"string","description":"The request URL to trigger the check run.","description_kind":"plain","optional":true,"computed":true}},"description_kind":"plain"}},"checkly_trigger_group":{"version":0,"block":{"attributes":{"group_id":{"type":"number","description":"The id of the group that you want to attach the trigger to.","description_kind":"plain","required":true},"id":{"type":"string","description_kind":"plain","optional":true,"computed":true},"token":{"type":"string","description":"The token value created to trigger the group","description_kind":"plain","optional":true,"computed":true},"url":{"type":"string","description":"The request URL to trigger the group run.","description_kind":"plain","optional":true,"computed":true}},"description_kind":"plain"}},"checkly_url_monitor":{"version":0,"block":{"attributes":{"activated":{"type":"bool","description":"Determines whether the monitor will run periodically or not after being deployed.","description_kind":"plain","required":true},"degraded_response_time":{"type":"number","description":"The response time in milliseconds where the monitor should be considered degraded. Possible values are between `0` and `30000`. (Default `3000`).","description_kind":"plain","optional":true},"description":{"type":"string","description":"A description of the monitor.","description_kind":"plain","optional":true},"frequency":{"type":"number","description":"Controls how often the monitor should run. Defined in minutes. The allowed values are `0` (high frequency - use `frequency_offset` to define the actual frequency), `1` (1 minute), `2` (2 minutes), `5` (5 minutes), `10` (10 minutes), `15` (15 minutes), `30` (30 minutes), `60` (1 hour), `120` (2 hours), `180` (3 hours), `360` (6 hours), `720` (12 hours) and `1440` (24 hours).","description_kind":"plain","required":true},"frequency_offset":{"type":"number","description":"When `frequency` is `0` (high frequency), `frequency_offset` is required and it alone controls how often the monitor should run. Defined in seconds. The allowed values are `0` (disabled - use `frequency` to define the actual frequency), `10` (10 seconds), `20` (20 seconds) and `30` (30 seconds).","description_kind":"plain","optional":true},"group_id":{"type":"number","description":"The ID of the check group that this monitor is part of.","description_kind":"plain","optional":true},"group_order":{"type":"number","description":"The position of the monitor in the check group. It determines in what order checks and monitors are run when a group is triggered from the API or from CI/CD.","description_kind":"plain","optional":true},"id":{"type":"string","description_kind":"plain","optional":true,"computed":true},"locations":{"type":["set","string"],"description":"An array of one or more data center locations where to run the this monitor.","description_kind":"plain","optional":true},"max_response_time":{"type":"number","description":"The response time in milliseconds where the monitor should be considered failing. Possible values are between `0` and `30000`. (Default `5000`).","description_kind":"plain","optional":true},"muted":{"type":"bool","description":"Determines if any notifications will be sent out when the monitor fails and/or recovers. (Default `false`).","description_kind":"plain","optional":true},"name":{"type":"string","description":"The name of the monitor.","description_kind":"plain","required":true},"private_locations":{"type":["set","string"],"description":"An array of one or more private locations slugs.","description_kind":"plain","optional":true},"run_parallel":{"type":"bool","description":"Determines whether the monitor should run on all selected locations in parallel or round-robin. (Default `false`).","description_kind":"plain","optional":true},"should_fail":{"type":"bool","description":"Allows to invert the behaviour of when the monitor is considered to fail. (Default `false`).","description_kind":"plain","optional":true},"tags":{"type":["set","string"],"description":"A list of tags for organizing and filtering checks and monitors.","description_kind":"plain","optional":true},"use_global_alert_settings":{"type":"bool","description":"When true, the account level alert settings will be used, not the alert setting defined on this monitor. (Default `true`).","description_kind":"plain","optional":true}},"block_types":{"alert_channel_subscription":{"nesting_mode":"set","block":{"attributes":{"activated":{"type":"bool","description":"Whether an alert should be sent to this channel.","description_kind":"plain","required":true},"channel_id":{"type":"number","description":"The ID of the alert channel.","description_kind":"plain","required":true}},"description":"An array of channel IDs and whether they're activated or not. If you don't set at least one alert channel subscription for your monitor, we won't be able to alert you even if it starts failing.","description_kind":"plain"}},"alert_settings":{"nesting_mode":"list","block":{"attributes":{"escalation_type":{"type":"string","description":"Determines the type of escalation to use. Possible values are `RUN_BASED` and `TIME_BASED`. (Default `RUN_BASED`).","description_kind":"plain","optional":true}},"block_types":{"parallel_run_failure_threshold":{"nesting_mode":"list","block":{"attributes":{"enabled":{"type":"bool","description":"Whether parallel run failure threshold is enabled. Only applies if the monitor is scheduled for multiple locations in parallel. (Default `false`).","description_kind":"plain","optional":true},"percentage":{"type":"number","description":"Percentage of runs that must fail to trigger alert. Possible values are `10`, `20`, `30`, `40`, `50`, `60`, `70`, `80`, `90`, and `100`. (Default `10`).","description_kind":"plain","optional":true}},"description":"Configuration for parallel run failure threshold.","description_kind":"plain"}},"reminders":{"nesting_mode":"list","block":{"attributes":{"amount":{"type":"number","description":"Number of reminder notifications to send. Possible values are `0`, `1`, `2`, `3`, `4`, `5`, and `100000` (`0` to disable, `100000` for unlimited). (Default `0`).","description_kind":"plain","optional":true},"interval":{"type":"number","description":"Interval between reminder notifications in minutes. Possible values are `5`, `10`, `15`, and `30`. (Default `5`).","description_kind":"plain","optional":true}},"description":"Defines how often to send reminder notifications after initial alert.","description_kind":"plain"}},"run_based_escalation":{"nesting_mode":"list","block":{"attributes":{"failed_run_threshold":{"type":"number","description":"Send an alert notification after the given number of consecutive monitor runs have failed. Possible values are between `1` and `5`. (Default `1`).","description_kind":"plain","optional":true}},"description":"Configuration for run-based escalation.","description_kind":"plain"}},"time_based_escalation":{"nesting_mode":"list","block":{"attributes":{"minutes_failing_threshold":{"type":"number","description":"Send an alert notification after the monitor has been failing for the given amount of time (in minutes). Possible values are `5`, `10`, `15`, and `30`. (Default `5`).","description_kind":"plain","optional":true}},"description":"Configuration for time-based escalation.","description_kind":"plain"}}},"description":"Determines the alert escalation policy for the monitor.","description_kind":"plain"},"max_items":1},"request":{"nesting_mode":"set","block":{"attributes":{"follow_redirects":{"type":"bool","description":"Whether to follow HTTP redirects automatically. (Default `true`).","description_kind":"plain","optional":true},"ip_family":{"type":"string","description":"IP family version to use for the connection. The value can be either `IPv4` or `IPv6`. (Default `IPv4`).","description_kind":"plain","optional":true},"skip_ssl":{"type":"bool","description":"Whether to skip SSL certificate verification. (Default `false`).","description_kind":"plain","optional":true},"url":{"type":"string","description":"The URL to monitor. Must be a valid HTTP or HTTPS URL.","description_kind":"plain","required":true}},"block_types":{"assertion":{"nesting_mode":"set","block":{"attributes":{"comparison":{"type":"string","description":"The type of comparison to be executed between expected and actual value of the assertion. Possible values are `EQUALS`, `NOT_EQUALS`, `GREATER_THAN` and `LESS_THAN`.","description_kind":"plain","required":true},"property":{"type":"string","description_kind":"plain","optional":true},"source":{"type":"string","description":"The source of the asserted value. The only allowed value is `STATUS_CODE`.","description_kind":"plain","required":true},"target":{"type":"string","description":"The target value. Typically `200` when the source is `STATUS_CODE`.","description_kind":"plain","required":true}},"description":"Assertions to validate the HTTP response. URL monitors only support status code assertions.","description_kind":"plain"}}},"description":"The parameters of the HTTP request.","description_kind":"plain"},"min_items":1,"max_items":1},"retry_strategy":{"nesting_mode":"list","block":{"attributes":{"base_backoff_seconds":{"type":"number","description":"The number of seconds to wait before the first retry attempt. (Default `60`).","description_kind":"plain","optional":true},"max_duration_seconds":{"type":"number","description":"The total amount of time to continue retrying the check/monitor (maximum 600 seconds). Available when `type` is `FIXED`, `LINEAR`, or `EXPONENTIAL`. (Default `600`).","description_kind":"plain","optional":true},"max_retries":{"type":"number","description":"The maximum number of times to retry the check/monitor. Value must be between `1` and `10`. Available when `type` is `FIXED`, `LINEAR`, or `EXPONENTIAL`. (Default `2`).","description_kind":"plain","optional":true},"same_region":{"type":"bool","description":"Whether retries should be run in the same region as the initial check/monitor run. (Default `true`).","description_kind":"plain","optional":true},"type":{"type":"string","description":"Determines which type of retry strategy to use. Possible values are `FIXED`, `LINEAR`, `EXPONENTIAL`, `SINGLE_RETRY`, and `NO_RETRIES`.","description_kind":"plain","required":true}},"block_types":{"only_on":{"nesting_mode":"list","block":{"attributes":{"network_error":{"type":"bool","description":"When `true`, retry only if the cause of the failure is a network error. (Default `false`).","description_kind":"plain","optional":true}},"description":"Apply the retry strategy only if the defined conditions match.","description_kind":"plain"},"max_items":1}},"description":"A strategy for retrying failed check/monitor runs.","description_kind":"plain"},"max_items":1},"trigger_incident":{"nesting_mode":"set","block":{"attributes":{"description":{"type":"string","description":"A detailed description of the incident.","description_kind":"plain","required":true},"name":{"type":"string","description":"The name of the incident.","description_kind":"plain","required":true},"notify_subscribers":{"type":"bool","description":"Whether to notify subscribers when the incident is triggered.","description_kind":"plain","required":true},"service_id":{"type":"string","description":"The status page service that this incident will be associated with.","description_kind":"plain","required":true},"severity":{"type":"string","description":"The severity level of the incident. Possible values are `MINOR`, `MEDIUM`, `MAJOR`, and `CRITICAL`.","description_kind":"plain","required":true}},"description":"Create and resolve an incident based on the alert configuration. Useful for status page automation.","description_kind":"plain"},"max_items":1}},"description":"Creates a URL Monitor to check HTTP endpoint availability and response times.","description_kind":"plain"}}},"data_source_schemas":{"checkly_static_ips":{"version":0,"block":{"attributes":{"addresses":{"type":["set","string"],"description":"Static IP addresses for Checkly's runner infrastructure.","description_kind":"plain","computed":true},"id":{"type":"string","description":"ID of the static IPs data source.","description_kind":"plain","computed":true},"ip_family":{"type":"string","description":"Specify the IP families you want to get static IPs for. Only `IPv6` or `IPv4` are valid options.","description_kind":"plain","optional":true},"locations":{"type":["set","string"],"description":"Specify the locations you want to get static IPs for.","description_kind":"plain","optional":true}},"description_kind":"plain"}}}}}}
